
Microsoft Visual Studio Solution File, Format Version 12.00
# Visual Studio Version 17
VisualStudioVersion = 17.9.34622.214
MinimumVisualStudioVersion = 10.0.40219.1
Project("{8BC9CEB8-8B4A-11D0-8D11-00A0C91BC942}") = "setup_build", "scripts\setup_build\setup_build.vcxproj", "{231EE32B-EBA4-4FE5-A55B-DB18F539D403}"
EndProject
Project("{8BC9CEB8-8B4A-11D0-8D11-00A0C91BC942}") = "Catch2", "external\Catch2\build\src\Catch2.vcxproj", "{8D538CBE-01BF-4A2E-A98A-6C368FDF13D7}"
EndProject
Project("{8BC9CEB8-8B4A-11D0-8D11-00A0C91BC942}") = "Catch2WithMain", "external\Catch2\build\src\Catch2WithMain.vcxproj", "{8BD3552A-2CFB-4A59-AB15-2031B97ADA1E}"
EndProject
Project("{8BC9CEB8-8B4A-11D0-8D11-00A0C91BC942}") = "usersim", "external\usersim\src\usersim.vcxproj", "{030A7AC6-14DC-45CF-AF34-891057AB1402}"
EndProject
Project("{8BC9CEB8-8B4A-11D0-8D11-00A0C91BC942}") = "cxplat_winuser", "external\usersim\cxplat\src\cxplat_winuser\cxplat_winuser.vcxproj", "{F2CA70AB-AF9A-47D1-9DA9-94D5AB573AC2}"
EndProject
Project("{2150E333-8FDC-42A3-9474-1A3956D46DE8}") = "ebpf_extensions", "ebpf_extensions", "{54A23059-C3A5-4527-9AA6-F8850930D838}"
EndProject
Project("{2150E333-8FDC-42A3-9474-1A3956D46DE8}") = "Testing", "Testing", "{22FB985E-38BF-4956-A3F0-BFFB586D8DA6}"
EndProject
Project("{2150E333-8FDC-42A3-9474-1A3956D46DE8}") = "Tools", "Tools", "{FD22C885-E280-4166-AE1C-79D71BD006A7}"
EndProject
Project("{8BC9CEB8-8B4A-11D0-8D11-00A0C91BC942}") = "process_monitor", "tools\process_monitor\process_monitor.vcxproj", "{3DBF8A96-3883-448A-8BD3-B8C913A27F09}"
	ProjectSection(ProjectDependencies) = postProject
		{55499E36-37D4-4F86-B694-9F2990315758} = {55499E36-37D4-4F86-B694-9F2990315758}
		{FA9BB88D-8259-40C1-9422-BDEDF9E9CE68} = {FA9BB88D-8259-40C1-9422-BDEDF9E9CE68}
	EndProjectSection
EndProject
Project("{2150E333-8FDC-42A3-9474-1A3956D46DE8}") = "ntosebpfext", "ntosebpfext", "{E8184DFB-C7EA-4913-9F63-6E61D4B9CBB1}"
EndProject
Project("{2150E333-8FDC-42A3-9474-1A3956D46DE8}") = "pktmonebpfext", "pktmonebpfext", "{1808952B-4865-4EDF-9393-8E52F60D4D20}"
EndProject
Project("{2150E333-8FDC-42A3-9474-1A3956D46DE8}") = "common", "common", "{C9EAA3D8-0D9C-4E28-BD1F-13017476EAE5}"
EndProject
Project("{8BC9CEB8-8B4A-11D0-8D11-00A0C91BC942}") = "ntosebpfext_user", "ebpf_extensions\ntosebpfext\user\ntosebpfext_user.vcxproj", "{630BB78F-6211-41D8-8E3A-096E22E169EF}"
EndProject
Project("{8BC9CEB8-8B4A-11D0-8D11-00A0C91BC942}") = "pktmon_sim", "tests\pktmonebpfext\pktmon_sim\pktmon_sim.vcxproj", "{B42AB575-67A9-4BA1-8AA1-471AA3FD810C}"
EndProject
Project("{8BC9CEB8-8B4A-11D0-8D11-00A0C91BC942}") = "ntosebpfext_unit", "tests\ntosebpfext\ntosebpfext_unit\ntosebpfext_unit.vcxproj", "{E619B985-44B3-4292-A585-5CD0C4315ED3}"
EndProject
Project("{8BC9CEB8-8B4A-11D0-8D11-00A0C91BC942}") = "pktmonebpfext_unit", "tests\pktmonebpfext\pktmonebpfext_unit\pktmonebpfext_unit.vcxproj", "{32DA760D-1A43-4940-BECE-59AE0B817ED9}"
EndProject
Project("{2150E333-8FDC-42A3-9474-1A3956D46DE8}") = "ntosebpfext", "ntosebpfext", "{ED8BFFE5-778D-4254-9800-6506F0C9CA5B}"
EndProject
Project("{2150E333-8FDC-42A3-9474-1A3956D46DE8}") = "pktmonebpfext", "pktmonebpfext", "{C488132C-7C22-4A37-821A-D7656C485372}"
EndProject
Project("{8BC9CEB8-8B4A-11D0-8D11-00A0C91BC942}") = "ntosebpfext", "ebpf_extensions\ntosebpfext\sys\ntosebpfext.vcxproj", "{55499E36-37D4-4F86-B694-9F2990315758}"
EndProject
Project("{8BC9CEB8-8B4A-11D0-8D11-00A0C91BC942}") = "pktmon_monitor", "tools\pktmon_monitor\pktmon_monitor.vcxproj", "{1132BFD8-EECA-4372-B08E-D349D86FE616}"
EndProject
Project("{8BC9CEB8-8B4A-11D0-8D11-00A0C91BC942}") = "pktmon_ebpf_ext_export_program_info", "tools\pktmon_export_program_info\pktmon_export_program_info.vcxproj", "{61896FC2-D314-468E-887B-7B1EBC7F0FEB}"
EndProject
Project("{8BC9CEB8-8B4A-11D0-8D11-00A0C91BC942}") = "ntos_ebpf_ext_export_program_info", "tools\ntos_ebpf_ext_export_program_info\ntos_ebpf_ext_export_program_info.vcxproj", "{FA9BB88D-8259-40C1-9422-BDEDF9E9CE68}"
EndProject
Project("{8BC9CEB8-8B4A-11D0-8D11-00A0C91BC942}") = "pktmonebpfext", "ebpf_extensions\pktmonebpfext\sys\pktmonebpfext.vcxproj", "{DB2CE6D8-F3B3-4C35-A585-5C88B4684821}"
EndProject
Project("{8BC9CEB8-8B4A-11D0-8D11-00A0C91BC942}") = "pktmonebpfext_user", "ebpf_extensions\pktmonebpfext\user\pktmonebpfext_user.vcxproj", "{AAAB234B-F0E9-4326-91E8-87B98367ACC1}"
EndProject
Global
	GlobalSection(SolutionConfigurationPlatforms) = preSolution
		Debug|ARM64 = Debug|ARM64
		Debug|x64 = Debug|x64
		Debug|x86 = Debug|x86
		FuzzerDebug|ARM64 = FuzzerDebug|ARM64
		FuzzerDebug|x64 = FuzzerDebug|x64
		FuzzerDebug|x86 = FuzzerDebug|x86
		MinSizeRel|ARM64 = MinSizeRel|ARM64
		MinSizeRel|x64 = MinSizeRel|x64
		MinSizeRel|x86 = MinSizeRel|x86
		NativeOnlyDebug|ARM64 = NativeOnlyDebug|ARM64
		NativeOnlyDebug|x64 = NativeOnlyDebug|x64
		NativeOnlyDebug|x86 = NativeOnlyDebug|x86
		NativeOnlyRelease|ARM64 = NativeOnlyRelease|ARM64
		NativeOnlyRelease|x64 = NativeOnlyRelease|x64
		NativeOnlyRelease|x86 = NativeOnlyRelease|x86
		Release|ARM64 = Release|ARM64
		Release|x64 = Release|x64
		Release|x86 = Release|x86
		RelWithDebInfo|ARM64 = RelWithDebInfo|ARM64
		RelWithDebInfo|x64 = RelWithDebInfo|x64
		RelWithDebInfo|x86 = RelWithDebInfo|x86
	EndGlobalSection
	GlobalSection(ProjectConfigurationPlatforms) = postSolution
		{231EE32B-EBA4-4FE5-A55B-DB18F539D403}.Debug|ARM64.ActiveCfg = Debug|x64
		{231EE32B-EBA4-4FE5-A55B-DB18F539D403}.Debug|ARM64.Build.0 = Debug|x64
		{231EE32B-EBA4-4FE5-A55B-DB18F539D403}.Debug|x64.ActiveCfg = Debug|x64
		{231EE32B-EBA4-4FE5-A55B-DB18F539D403}.Debug|x64.Build.0 = Debug|x64
		{231EE32B-EBA4-4FE5-A55B-DB18F539D403}.Debug|x86.ActiveCfg = Debug|x64
		{231EE32B-EBA4-4FE5-A55B-DB18F539D403}.Debug|x86.Build.0 = Debug|x64
		{231EE32B-EBA4-4FE5-A55B-DB18F539D403}.FuzzerDebug|ARM64.ActiveCfg = FuzzerDebug|x64
		{231EE32B-EBA4-4FE5-A55B-DB18F539D403}.FuzzerDebug|ARM64.Build.0 = FuzzerDebug|x64
		{231EE32B-EBA4-4FE5-A55B-DB18F539D403}.FuzzerDebug|x64.ActiveCfg = FuzzerDebug|x64
		{231EE32B-EBA4-4FE5-A55B-DB18F539D403}.FuzzerDebug|x64.Build.0 = FuzzerDebug|x64
		{231EE32B-EBA4-4FE5-A55B-DB18F539D403}.FuzzerDebug|x86.ActiveCfg = FuzzerDebug|x64
		{231EE32B-EBA4-4FE5-A55B-DB18F539D403}.FuzzerDebug|x86.Build.0 = FuzzerDebug|x64
		{231EE32B-EBA4-4FE5-A55B-DB18F539D403}.MinSizeRel|ARM64.ActiveCfg = Release|x64
		{231EE32B-EBA4-4FE5-A55B-DB18F539D403}.MinSizeRel|ARM64.Build.0 = Release|x64
		{231EE32B-EBA4-4FE5-A55B-DB18F539D403}.MinSizeRel|x64.ActiveCfg = Release|x64
		{231EE32B-EBA4-4FE5-A55B-DB18F539D403}.MinSizeRel|x64.Build.0 = Release|x64
		{231EE32B-EBA4-4FE5-A55B-DB18F539D403}.MinSizeRel|x86.ActiveCfg = Release|x64
		{231EE32B-EBA4-4FE5-A55B-DB18F539D403}.MinSizeRel|x86.Build.0 = Release|x64
		{231EE32B-EBA4-4FE5-A55B-DB18F539D403}.NativeOnlyDebug|ARM64.ActiveCfg = NativeOnlyDebug|x64
		{231EE32B-EBA4-4FE5-A55B-DB18F539D403}.NativeOnlyDebug|ARM64.Build.0 = NativeOnlyDebug|x64
		{231EE32B-EBA4-4FE5-A55B-DB18F539D403}.NativeOnlyDebug|x64.ActiveCfg = NativeOnlyDebug|x64
		{231EE32B-EBA4-4FE5-A55B-DB18F539D403}.NativeOnlyDebug|x64.Build.0 = NativeOnlyDebug|x64
		{231EE32B-EBA4-4FE5-A55B-DB18F539D403}.NativeOnlyDebug|x86.ActiveCfg = NativeOnlyDebug|x64
		{231EE32B-EBA4-4FE5-A55B-DB18F539D403}.NativeOnlyDebug|x86.Build.0 = NativeOnlyDebug|x64
		{231EE32B-EBA4-4FE5-A55B-DB18F539D403}.NativeOnlyRelease|ARM64.ActiveCfg = NativeOnlyRelease|x64
		{231EE32B-EBA4-4FE5-A55B-DB18F539D403}.NativeOnlyRelease|ARM64.Build.0 = NativeOnlyRelease|x64
		{231EE32B-EBA4-4FE5-A55B-DB18F539D403}.NativeOnlyRelease|x64.ActiveCfg = NativeOnlyRelease|x64
		{231EE32B-EBA4-4FE5-A55B-DB18F539D403}.NativeOnlyRelease|x64.Build.0 = NativeOnlyRelease|x64
		{231EE32B-EBA4-4FE5-A55B-DB18F539D403}.NativeOnlyRelease|x86.ActiveCfg = NativeOnlyRelease|x64
		{231EE32B-EBA4-4FE5-A55B-DB18F539D403}.NativeOnlyRelease|x86.Build.0 = NativeOnlyRelease|x64
		{231EE32B-EBA4-4FE5-A55B-DB18F539D403}.Release|ARM64.ActiveCfg = Release|x64
		{231EE32B-EBA4-4FE5-A55B-DB18F539D403}.Release|ARM64.Build.0 = Release|x64
		{231EE32B-EBA4-4FE5-A55B-DB18F539D403}.Release|x64.ActiveCfg = Release|x64
		{231EE32B-EBA4-4FE5-A55B-DB18F539D403}.Release|x64.Build.0 = Release|x64
		{231EE32B-EBA4-4FE5-A55B-DB18F539D403}.Release|x86.ActiveCfg = Release|x64
		{231EE32B-EBA4-4FE5-A55B-DB18F539D403}.Release|x86.Build.0 = Release|x64
		{231EE32B-EBA4-4FE5-A55B-DB18F539D403}.RelWithDebInfo|ARM64.ActiveCfg = Release|x64
		{231EE32B-EBA4-4FE5-A55B-DB18F539D403}.RelWithDebInfo|ARM64.Build.0 = Release|x64
		{231EE32B-EBA4-4FE5-A55B-DB18F539D403}.RelWithDebInfo|x64.ActiveCfg = Release|x64
		{231EE32B-EBA4-4FE5-A55B-DB18F539D403}.RelWithDebInfo|x64.Build.0 = Release|x64
		{231EE32B-EBA4-4FE5-A55B-DB18F539D403}.RelWithDebInfo|x86.ActiveCfg = Release|x64
		{231EE32B-EBA4-4FE5-A55B-DB18F539D403}.RelWithDebInfo|x86.Build.0 = Release|x64
		{8D538CBE-01BF-4A2E-A98A-6C368FDF13D7}.Debug|ARM64.ActiveCfg = Debug|x64
		{8D538CBE-01BF-4A2E-A98A-6C368FDF13D7}.Debug|ARM64.Build.0 = Debug|x64
		{8D538CBE-01BF-4A2E-A98A-6C368FDF13D7}.Debug|x64.ActiveCfg = Debug|x64
		{8D538CBE-01BF-4A2E-A98A-6C368FDF13D7}.Debug|x64.Build.0 = Debug|x64
		{8D538CBE-01BF-4A2E-A98A-6C368FDF13D7}.Debug|x86.ActiveCfg = Debug|x64
		{8D538CBE-01BF-4A2E-A98A-6C368FDF13D7}.Debug|x86.Build.0 = Debug|x64
		{8D538CBE-01BF-4A2E-A98A-6C368FDF13D7}.FuzzerDebug|ARM64.ActiveCfg = Debug|x64
		{8D538CBE-01BF-4A2E-A98A-6C368FDF13D7}.FuzzerDebug|ARM64.Build.0 = Debug|x64
		{8D538CBE-01BF-4A2E-A98A-6C368FDF13D7}.FuzzerDebug|x64.ActiveCfg = Debug|x64
		{8D538CBE-01BF-4A2E-A98A-6C368FDF13D7}.FuzzerDebug|x64.Build.0 = Debug|x64
		{8D538CBE-01BF-4A2E-A98A-6C368FDF13D7}.FuzzerDebug|x86.ActiveCfg = Debug|x64
		{8D538CBE-01BF-4A2E-A98A-6C368FDF13D7}.FuzzerDebug|x86.Build.0 = Debug|x64
		{8D538CBE-01BF-4A2E-A98A-6C368FDF13D7}.MinSizeRel|ARM64.ActiveCfg = MinSizeRel|x64
		{8D538CBE-01BF-4A2E-A98A-6C368FDF13D7}.MinSizeRel|ARM64.Build.0 = MinSizeRel|x64
		{8D538CBE-01BF-4A2E-A98A-6C368FDF13D7}.MinSizeRel|x64.ActiveCfg = MinSizeRel|x64
		{8D538CBE-01BF-4A2E-A98A-6C368FDF13D7}.MinSizeRel|x64.Build.0 = MinSizeRel|x64
		{8D538CBE-01BF-4A2E-A98A-6C368FDF13D7}.MinSizeRel|x86.ActiveCfg = MinSizeRel|x64
		{8D538CBE-01BF-4A2E-A98A-6C368FDF13D7}.MinSizeRel|x86.Build.0 = MinSizeRel|x64
		{8D538CBE-01BF-4A2E-A98A-6C368FDF13D7}.NativeOnlyDebug|ARM64.ActiveCfg = Debug|x64
		{8D538CBE-01BF-4A2E-A98A-6C368FDF13D7}.NativeOnlyDebug|ARM64.Build.0 = Debug|x64
		{8D538CBE-01BF-4A2E-A98A-6C368FDF13D7}.NativeOnlyDebug|x64.ActiveCfg = Debug|x64
		{8D538CBE-01BF-4A2E-A98A-6C368FDF13D7}.NativeOnlyDebug|x64.Build.0 = Debug|x64
		{8D538CBE-01BF-4A2E-A98A-6C368FDF13D7}.NativeOnlyDebug|x86.ActiveCfg = Debug|x64
		{8D538CBE-01BF-4A2E-A98A-6C368FDF13D7}.NativeOnlyDebug|x86.Build.0 = Debug|x64
		{8D538CBE-01BF-4A2E-A98A-6C368FDF13D7}.NativeOnlyRelease|ARM64.ActiveCfg = Release|x64
		{8D538CBE-01BF-4A2E-A98A-6C368FDF13D7}.NativeOnlyRelease|ARM64.Build.0 = Release|x64
		{8D538CBE-01BF-4A2E-A98A-6C368FDF13D7}.NativeOnlyRelease|x64.ActiveCfg = Release|x64
		{8D538CBE-01BF-4A2E-A98A-6C368FDF13D7}.NativeOnlyRelease|x64.Build.0 = Release|x64
		{8D538CBE-01BF-4A2E-A98A-6C368FDF13D7}.NativeOnlyRelease|x86.ActiveCfg = Release|x64
		{8D538CBE-01BF-4A2E-A98A-6C368FDF13D7}.NativeOnlyRelease|x86.Build.0 = Release|x64
		{8D538CBE-01BF-4A2E-A98A-6C368FDF13D7}.Release|ARM64.ActiveCfg = Release|x64
		{8D538CBE-01BF-4A2E-A98A-6C368FDF13D7}.Release|ARM64.Build.0 = Release|x64
		{8D538CBE-01BF-4A2E-A98A-6C368FDF13D7}.Release|x64.ActiveCfg = Release|x64
		{8D538CBE-01BF-4A2E-A98A-6C368FDF13D7}.Release|x64.Build.0 = Release|x64
		{8D538CBE-01BF-4A2E-A98A-6C368FDF13D7}.Release|x86.ActiveCfg = Release|x64
		{8D538CBE-01BF-4A2E-A98A-6C368FDF13D7}.Release|x86.Build.0 = Release|x64
		{8D538CBE-01BF-4A2E-A98A-6C368FDF13D7}.RelWithDebInfo|ARM64.ActiveCfg = RelWithDebInfo|x64
		{8D538CBE-01BF-4A2E-A98A-6C368FDF13D7}.RelWithDebInfo|ARM64.Build.0 = RelWithDebInfo|x64
		{8D538CBE-01BF-4A2E-A98A-6C368FDF13D7}.RelWithDebInfo|x64.ActiveCfg = RelWithDebInfo|x64
		{8D538CBE-01BF-4A2E-A98A-6C368FDF13D7}.RelWithDebInfo|x64.Build.0 = RelWithDebInfo|x64
		{8D538CBE-01BF-4A2E-A98A-6C368FDF13D7}.RelWithDebInfo|x86.ActiveCfg = RelWithDebInfo|x64
		{8D538CBE-01BF-4A2E-A98A-6C368FDF13D7}.RelWithDebInfo|x86.Build.0 = RelWithDebInfo|x64
		{8BD3552A-2CFB-4A59-AB15-2031B97ADA1E}.Debug|ARM64.ActiveCfg = Debug|x64
		{8BD3552A-2CFB-4A59-AB15-2031B97ADA1E}.Debug|ARM64.Build.0 = Debug|x64
		{8BD3552A-2CFB-4A59-AB15-2031B97ADA1E}.Debug|x64.ActiveCfg = Debug|x64
		{8BD3552A-2CFB-4A59-AB15-2031B97ADA1E}.Debug|x64.Build.0 = Debug|x64
		{8BD3552A-2CFB-4A59-AB15-2031B97ADA1E}.Debug|x86.ActiveCfg = Debug|x64
		{8BD3552A-2CFB-4A59-AB15-2031B97ADA1E}.Debug|x86.Build.0 = Debug|x64
		{8BD3552A-2CFB-4A59-AB15-2031B97ADA1E}.FuzzerDebug|ARM64.ActiveCfg = Debug|x64
		{8BD3552A-2CFB-4A59-AB15-2031B97ADA1E}.FuzzerDebug|ARM64.Build.0 = Debug|x64
		{8BD3552A-2CFB-4A59-AB15-2031B97ADA1E}.FuzzerDebug|x64.ActiveCfg = Debug|x64
		{8BD3552A-2CFB-4A59-AB15-2031B97ADA1E}.FuzzerDebug|x64.Build.0 = Debug|x64
		{8BD3552A-2CFB-4A59-AB15-2031B97ADA1E}.FuzzerDebug|x86.ActiveCfg = Debug|x64
		{8BD3552A-2CFB-4A59-AB15-2031B97ADA1E}.FuzzerDebug|x86.Build.0 = Debug|x64
		{8BD3552A-2CFB-4A59-AB15-2031B97ADA1E}.MinSizeRel|ARM64.ActiveCfg = MinSizeRel|x64
		{8BD3552A-2CFB-4A59-AB15-2031B97ADA1E}.MinSizeRel|ARM64.Build.0 = MinSizeRel|x64
		{8BD3552A-2CFB-4A59-AB15-2031B97ADA1E}.MinSizeRel|x64.ActiveCfg = MinSizeRel|x64
		{8BD3552A-2CFB-4A59-AB15-2031B97ADA1E}.MinSizeRel|x64.Build.0 = MinSizeRel|x64
		{8BD3552A-2CFB-4A59-AB15-2031B97ADA1E}.MinSizeRel|x86.ActiveCfg = MinSizeRel|x64
		{8BD3552A-2CFB-4A59-AB15-2031B97ADA1E}.MinSizeRel|x86.Build.0 = MinSizeRel|x64
		{8BD3552A-2CFB-4A59-AB15-2031B97ADA1E}.NativeOnlyDebug|ARM64.ActiveCfg = Debug|x64
		{8BD3552A-2CFB-4A59-AB15-2031B97ADA1E}.NativeOnlyDebug|ARM64.Build.0 = Debug|x64
		{8BD3552A-2CFB-4A59-AB15-2031B97ADA1E}.NativeOnlyDebug|x64.ActiveCfg = Debug|x64
		{8BD3552A-2CFB-4A59-AB15-2031B97ADA1E}.NativeOnlyDebug|x64.Build.0 = Debug|x64
		{8BD3552A-2CFB-4A59-AB15-2031B97ADA1E}.NativeOnlyDebug|x86.ActiveCfg = Debug|x64
		{8BD3552A-2CFB-4A59-AB15-2031B97ADA1E}.NativeOnlyDebug|x86.Build.0 = Debug|x64
		{8BD3552A-2CFB-4A59-AB15-2031B97ADA1E}.NativeOnlyRelease|ARM64.ActiveCfg = Release|x64
		{8BD3552A-2CFB-4A59-AB15-2031B97ADA1E}.NativeOnlyRelease|ARM64.Build.0 = Release|x64
		{8BD3552A-2CFB-4A59-AB15-2031B97ADA1E}.NativeOnlyRelease|x64.ActiveCfg = Release|x64
		{8BD3552A-2CFB-4A59-AB15-2031B97ADA1E}.NativeOnlyRelease|x64.Build.0 = Release|x64
		{8BD3552A-2CFB-4A59-AB15-2031B97ADA1E}.NativeOnlyRelease|x86.ActiveCfg = Release|x64
		{8BD3552A-2CFB-4A59-AB15-2031B97ADA1E}.NativeOnlyRelease|x86.Build.0 = Release|x64
		{8BD3552A-2CFB-4A59-AB15-2031B97ADA1E}.Release|ARM64.ActiveCfg = Release|x64
		{8BD3552A-2CFB-4A59-AB15-2031B97ADA1E}.Release|ARM64.Build.0 = Release|x64
		{8BD3552A-2CFB-4A59-AB15-2031B97ADA1E}.Release|x64.ActiveCfg = Release|x64
		{8BD3552A-2CFB-4A59-AB15-2031B97ADA1E}.Release|x64.Build.0 = Release|x64
		{8BD3552A-2CFB-4A59-AB15-2031B97ADA1E}.Release|x86.ActiveCfg = Release|x64
		{8BD3552A-2CFB-4A59-AB15-2031B97ADA1E}.Release|x86.Build.0 = Release|x64
		{8BD3552A-2CFB-4A59-AB15-2031B97ADA1E}.RelWithDebInfo|ARM64.ActiveCfg = RelWithDebInfo|x64
		{8BD3552A-2CFB-4A59-AB15-2031B97ADA1E}.RelWithDebInfo|ARM64.Build.0 = RelWithDebInfo|x64
		{8BD3552A-2CFB-4A59-AB15-2031B97ADA1E}.RelWithDebInfo|x64.ActiveCfg = RelWithDebInfo|x64
		{8BD3552A-2CFB-4A59-AB15-2031B97ADA1E}.RelWithDebInfo|x64.Build.0 = RelWithDebInfo|x64
		{8BD3552A-2CFB-4A59-AB15-2031B97ADA1E}.RelWithDebInfo|x86.ActiveCfg = RelWithDebInfo|x64
		{8BD3552A-2CFB-4A59-AB15-2031B97ADA1E}.RelWithDebInfo|x86.Build.0 = RelWithDebInfo|x64
		{030A7AC6-14DC-45CF-AF34-891057AB1402}.Debug|ARM64.ActiveCfg = Debug|x64
		{030A7AC6-14DC-45CF-AF34-891057AB1402}.Debug|ARM64.Build.0 = Debug|x64
		{030A7AC6-14DC-45CF-AF34-891057AB1402}.Debug|x64.ActiveCfg = Debug|x64
		{030A7AC6-14DC-45CF-AF34-891057AB1402}.Debug|x64.Build.0 = Debug|x64
		{030A7AC6-14DC-45CF-AF34-891057AB1402}.Debug|x86.ActiveCfg = Debug|Win32
		{030A7AC6-14DC-45CF-AF34-891057AB1402}.Debug|x86.Build.0 = Debug|Win32
		{030A7AC6-14DC-45CF-AF34-891057AB1402}.FuzzerDebug|ARM64.ActiveCfg = FuzzerDebug|x64
		{030A7AC6-14DC-45CF-AF34-891057AB1402}.FuzzerDebug|ARM64.Build.0 = FuzzerDebug|x64
		{030A7AC6-14DC-45CF-AF34-891057AB1402}.FuzzerDebug|x64.ActiveCfg = FuzzerDebug|x64
		{030A7AC6-14DC-45CF-AF34-891057AB1402}.FuzzerDebug|x64.Build.0 = FuzzerDebug|x64
		{030A7AC6-14DC-45CF-AF34-891057AB1402}.FuzzerDebug|x86.ActiveCfg = FuzzerDebug|Win32
		{030A7AC6-14DC-45CF-AF34-891057AB1402}.FuzzerDebug|x86.Build.0 = FuzzerDebug|Win32
		{030A7AC6-14DC-45CF-AF34-891057AB1402}.MinSizeRel|ARM64.ActiveCfg = FuzzerDebug|x64
		{030A7AC6-14DC-45CF-AF34-891057AB1402}.MinSizeRel|ARM64.Build.0 = FuzzerDebug|x64
		{030A7AC6-14DC-45CF-AF34-891057AB1402}.MinSizeRel|x64.ActiveCfg = FuzzerDebug|x64
		{030A7AC6-14DC-45CF-AF34-891057AB1402}.MinSizeRel|x64.Build.0 = FuzzerDebug|x64
		{030A7AC6-14DC-45CF-AF34-891057AB1402}.MinSizeRel|x86.ActiveCfg = Debug|Win32
		{030A7AC6-14DC-45CF-AF34-891057AB1402}.MinSizeRel|x86.Build.0 = Debug|Win32
		{030A7AC6-14DC-45CF-AF34-891057AB1402}.NativeOnlyDebug|ARM64.ActiveCfg = Debug|x64
		{030A7AC6-14DC-45CF-AF34-891057AB1402}.NativeOnlyDebug|ARM64.Build.0 = Debug|x64
		{030A7AC6-14DC-45CF-AF34-891057AB1402}.NativeOnlyDebug|x64.ActiveCfg = Debug|x64
		{030A7AC6-14DC-45CF-AF34-891057AB1402}.NativeOnlyDebug|x64.Build.0 = Debug|x64
		{030A7AC6-14DC-45CF-AF34-891057AB1402}.NativeOnlyDebug|x86.ActiveCfg = Debug|Win32
		{030A7AC6-14DC-45CF-AF34-891057AB1402}.NativeOnlyDebug|x86.Build.0 = Debug|Win32
		{030A7AC6-14DC-45CF-AF34-891057AB1402}.NativeOnlyRelease|ARM64.ActiveCfg = Release|x64
		{030A7AC6-14DC-45CF-AF34-891057AB1402}.NativeOnlyRelease|ARM64.Build.0 = Release|x64
		{030A7AC6-14DC-45CF-AF34-891057AB1402}.NativeOnlyRelease|x64.ActiveCfg = Release|x64
		{030A7AC6-14DC-45CF-AF34-891057AB1402}.NativeOnlyRelease|x64.Build.0 = Release|x64
		{030A7AC6-14DC-45CF-AF34-891057AB1402}.NativeOnlyRelease|x86.ActiveCfg = Release|Win32
		{030A7AC6-14DC-45CF-AF34-891057AB1402}.NativeOnlyRelease|x86.Build.0 = Release|Win32
		{030A7AC6-14DC-45CF-AF34-891057AB1402}.Release|ARM64.ActiveCfg = Release|x64
		{030A7AC6-14DC-45CF-AF34-891057AB1402}.Release|ARM64.Build.0 = Release|x64
		{030A7AC6-14DC-45CF-AF34-891057AB1402}.Release|x64.ActiveCfg = Release|x64
		{030A7AC6-14DC-45CF-AF34-891057AB1402}.Release|x64.Build.0 = Release|x64
		{030A7AC6-14DC-45CF-AF34-891057AB1402}.Release|x86.ActiveCfg = Release|Win32
		{030A7AC6-14DC-45CF-AF34-891057AB1402}.Release|x86.Build.0 = Release|Win32
		{030A7AC6-14DC-45CF-AF34-891057AB1402}.RelWithDebInfo|ARM64.ActiveCfg = Release|x64
		{030A7AC6-14DC-45CF-AF34-891057AB1402}.RelWithDebInfo|ARM64.Build.0 = Release|x64
		{030A7AC6-14DC-45CF-AF34-891057AB1402}.RelWithDebInfo|x64.ActiveCfg = Release|x64
		{030A7AC6-14DC-45CF-AF34-891057AB1402}.RelWithDebInfo|x64.Build.0 = Release|x64
		{030A7AC6-14DC-45CF-AF34-891057AB1402}.RelWithDebInfo|x86.ActiveCfg = Release|Win32
		{030A7AC6-14DC-45CF-AF34-891057AB1402}.RelWithDebInfo|x86.Build.0 = Release|Win32
		{F2CA70AB-AF9A-47D1-9DA9-94D5AB573AC2}.Debug|ARM64.ActiveCfg = Debug|x64
		{F2CA70AB-AF9A-47D1-9DA9-94D5AB573AC2}.Debug|ARM64.Build.0 = Debug|x64
		{F2CA70AB-AF9A-47D1-9DA9-94D5AB573AC2}.Debug|x64.ActiveCfg = Debug|x64
		{F2CA70AB-AF9A-47D1-9DA9-94D5AB573AC2}.Debug|x64.Build.0 = Debug|x64
		{F2CA70AB-AF9A-47D1-9DA9-94D5AB573AC2}.Debug|x86.ActiveCfg = Debug|Win32
		{F2CA70AB-AF9A-47D1-9DA9-94D5AB573AC2}.Debug|x86.Build.0 = Debug|Win32
		{F2CA70AB-AF9A-47D1-9DA9-94D5AB573AC2}.FuzzerDebug|ARM64.ActiveCfg = FuzzerDebug|x64
		{F2CA70AB-AF9A-47D1-9DA9-94D5AB573AC2}.FuzzerDebug|ARM64.Build.0 = FuzzerDebug|x64
		{F2CA70AB-AF9A-47D1-9DA9-94D5AB573AC2}.FuzzerDebug|x64.ActiveCfg = FuzzerDebug|x64
		{F2CA70AB-AF9A-47D1-9DA9-94D5AB573AC2}.FuzzerDebug|x64.Build.0 = FuzzerDebug|x64
		{F2CA70AB-AF9A-47D1-9DA9-94D5AB573AC2}.FuzzerDebug|x86.ActiveCfg = FuzzerDebug|Win32
		{F2CA70AB-AF9A-47D1-9DA9-94D5AB573AC2}.FuzzerDebug|x86.Build.0 = FuzzerDebug|Win32
		{F2CA70AB-AF9A-47D1-9DA9-94D5AB573AC2}.MinSizeRel|ARM64.ActiveCfg = Debug|x64
		{F2CA70AB-AF9A-47D1-9DA9-94D5AB573AC2}.MinSizeRel|ARM64.Build.0 = Debug|x64
		{F2CA70AB-AF9A-47D1-9DA9-94D5AB573AC2}.MinSizeRel|x64.ActiveCfg = Debug|x64
		{F2CA70AB-AF9A-47D1-9DA9-94D5AB573AC2}.MinSizeRel|x64.Build.0 = Debug|x64
		{F2CA70AB-AF9A-47D1-9DA9-94D5AB573AC2}.MinSizeRel|x86.ActiveCfg = Debug|Win32
		{F2CA70AB-AF9A-47D1-9DA9-94D5AB573AC2}.MinSizeRel|x86.Build.0 = Debug|Win32
		{F2CA70AB-AF9A-47D1-9DA9-94D5AB573AC2}.NativeOnlyDebug|ARM64.ActiveCfg = Debug|x64
		{F2CA70AB-AF9A-47D1-9DA9-94D5AB573AC2}.NativeOnlyDebug|ARM64.Build.0 = Debug|x64
		{F2CA70AB-AF9A-47D1-9DA9-94D5AB573AC2}.NativeOnlyDebug|x64.ActiveCfg = Debug|x64
		{F2CA70AB-AF9A-47D1-9DA9-94D5AB573AC2}.NativeOnlyDebug|x64.Build.0 = Debug|x64
		{F2CA70AB-AF9A-47D1-9DA9-94D5AB573AC2}.NativeOnlyDebug|x86.ActiveCfg = Debug|Win32
		{F2CA70AB-AF9A-47D1-9DA9-94D5AB573AC2}.NativeOnlyDebug|x86.Build.0 = Debug|Win32
		{F2CA70AB-AF9A-47D1-9DA9-94D5AB573AC2}.NativeOnlyRelease|ARM64.ActiveCfg = Release|x64
		{F2CA70AB-AF9A-47D1-9DA9-94D5AB573AC2}.NativeOnlyRelease|ARM64.Build.0 = Release|x64
		{F2CA70AB-AF9A-47D1-9DA9-94D5AB573AC2}.NativeOnlyRelease|x64.ActiveCfg = Release|x64
		{F2CA70AB-AF9A-47D1-9DA9-94D5AB573AC2}.NativeOnlyRelease|x64.Build.0 = Release|x64
		{F2CA70AB-AF9A-47D1-9DA9-94D5AB573AC2}.NativeOnlyRelease|x86.ActiveCfg = Release|Win32
		{F2CA70AB-AF9A-47D1-9DA9-94D5AB573AC2}.NativeOnlyRelease|x86.Build.0 = Release|Win32
		{F2CA70AB-AF9A-47D1-9DA9-94D5AB573AC2}.Release|ARM64.ActiveCfg = Release|x64
		{F2CA70AB-AF9A-47D1-9DA9-94D5AB573AC2}.Release|ARM64.Build.0 = Release|x64
		{F2CA70AB-AF9A-47D1-9DA9-94D5AB573AC2}.Release|x64.ActiveCfg = Release|x64
		{F2CA70AB-AF9A-47D1-9DA9-94D5AB573AC2}.Release|x64.Build.0 = Release|x64
		{F2CA70AB-AF9A-47D1-9DA9-94D5AB573AC2}.Release|x86.ActiveCfg = Release|Win32
		{F2CA70AB-AF9A-47D1-9DA9-94D5AB573AC2}.Release|x86.Build.0 = Release|Win32
		{F2CA70AB-AF9A-47D1-9DA9-94D5AB573AC2}.RelWithDebInfo|ARM64.ActiveCfg = Release|x64
		{F2CA70AB-AF9A-47D1-9DA9-94D5AB573AC2}.RelWithDebInfo|ARM64.Build.0 = Release|x64
		{F2CA70AB-AF9A-47D1-9DA9-94D5AB573AC2}.RelWithDebInfo|x64.ActiveCfg = Release|x64
		{F2CA70AB-AF9A-47D1-9DA9-94D5AB573AC2}.RelWithDebInfo|x64.Build.0 = Release|x64
		{F2CA70AB-AF9A-47D1-9DA9-94D5AB573AC2}.RelWithDebInfo|x86.ActiveCfg = Release|Win32
		{F2CA70AB-AF9A-47D1-9DA9-94D5AB573AC2}.RelWithDebInfo|x86.Build.0 = Release|Win32
		{3DBF8A96-3883-448A-8BD3-B8C913A27F09}.Debug|ARM64.ActiveCfg = Debug|x64
		{3DBF8A96-3883-448A-8BD3-B8C913A27F09}.Debug|ARM64.Build.0 = Debug|x64
		{3DBF8A96-3883-448A-8BD3-B8C913A27F09}.Debug|x64.ActiveCfg = Debug|x64
		{3DBF8A96-3883-448A-8BD3-B8C913A27F09}.Debug|x64.Build.0 = Debug|x64
		{3DBF8A96-3883-448A-8BD3-B8C913A27F09}.Debug|x86.ActiveCfg = Debug|x64
		{3DBF8A96-3883-448A-8BD3-B8C913A27F09}.Debug|x86.Build.0 = Debug|x64
		{3DBF8A96-3883-448A-8BD3-B8C913A27F09}.FuzzerDebug|ARM64.ActiveCfg = Debug|x64
		{3DBF8A96-3883-448A-8BD3-B8C913A27F09}.FuzzerDebug|ARM64.Build.0 = Debug|x64
		{3DBF8A96-3883-448A-8BD3-B8C913A27F09}.FuzzerDebug|x64.ActiveCfg = Debug|x64
		{3DBF8A96-3883-448A-8BD3-B8C913A27F09}.FuzzerDebug|x64.Build.0 = Debug|x64
		{3DBF8A96-3883-448A-8BD3-B8C913A27F09}.FuzzerDebug|x86.ActiveCfg = Debug|x64
		{3DBF8A96-3883-448A-8BD3-B8C913A27F09}.FuzzerDebug|x86.Build.0 = Debug|x64
		{3DBF8A96-3883-448A-8BD3-B8C913A27F09}.MinSizeRel|ARM64.ActiveCfg = NativeOnlyRelease|x64
		{3DBF8A96-3883-448A-8BD3-B8C913A27F09}.MinSizeRel|ARM64.Build.0 = NativeOnlyRelease|x64
		{3DBF8A96-3883-448A-8BD3-B8C913A27F09}.MinSizeRel|x64.ActiveCfg = NativeOnlyRelease|x64
		{3DBF8A96-3883-448A-8BD3-B8C913A27F09}.MinSizeRel|x64.Build.0 = NativeOnlyRelease|x64
		{3DBF8A96-3883-448A-8BD3-B8C913A27F09}.MinSizeRel|x86.ActiveCfg = NativeOnlyRelease|x64
		{3DBF8A96-3883-448A-8BD3-B8C913A27F09}.MinSizeRel|x86.Build.0 = NativeOnlyRelease|x64
		{3DBF8A96-3883-448A-8BD3-B8C913A27F09}.NativeOnlyDebug|ARM64.ActiveCfg = NativeOnlyDebug|x64
		{3DBF8A96-3883-448A-8BD3-B8C913A27F09}.NativeOnlyDebug|ARM64.Build.0 = NativeOnlyDebug|x64
		{3DBF8A96-3883-448A-8BD3-B8C913A27F09}.NativeOnlyDebug|x64.ActiveCfg = NativeOnlyDebug|x64
		{3DBF8A96-3883-448A-8BD3-B8C913A27F09}.NativeOnlyDebug|x64.Build.0 = NativeOnlyDebug|x64
		{3DBF8A96-3883-448A-8BD3-B8C913A27F09}.NativeOnlyDebug|x86.ActiveCfg = NativeOnlyDebug|x64
		{3DBF8A96-3883-448A-8BD3-B8C913A27F09}.NativeOnlyDebug|x86.Build.0 = NativeOnlyDebug|x64
		{3DBF8A96-3883-448A-8BD3-B8C913A27F09}.NativeOnlyRelease|ARM64.ActiveCfg = NativeOnlyRelease|x64
		{3DBF8A96-3883-448A-8BD3-B8C913A27F09}.NativeOnlyRelease|ARM64.Build.0 = NativeOnlyRelease|x64
		{3DBF8A96-3883-448A-8BD3-B8C913A27F09}.NativeOnlyRelease|x64.ActiveCfg = NativeOnlyRelease|x64
		{3DBF8A96-3883-448A-8BD3-B8C913A27F09}.NativeOnlyRelease|x64.Build.0 = NativeOnlyRelease|x64
		{3DBF8A96-3883-448A-8BD3-B8C913A27F09}.NativeOnlyRelease|x86.ActiveCfg = NativeOnlyRelease|x64
		{3DBF8A96-3883-448A-8BD3-B8C913A27F09}.NativeOnlyRelease|x86.Build.0 = NativeOnlyRelease|x64
		{3DBF8A96-3883-448A-8BD3-B8C913A27F09}.Release|ARM64.ActiveCfg = Release|x64
		{3DBF8A96-3883-448A-8BD3-B8C913A27F09}.Release|ARM64.Build.0 = Release|x64
		{3DBF8A96-3883-448A-8BD3-B8C913A27F09}.Release|x64.ActiveCfg = Release|x64
		{3DBF8A96-3883-448A-8BD3-B8C913A27F09}.Release|x64.Build.0 = Release|x64
		{3DBF8A96-3883-448A-8BD3-B8C913A27F09}.Release|x86.ActiveCfg = Release|x64
		{3DBF8A96-3883-448A-8BD3-B8C913A27F09}.Release|x86.Build.0 = Release|x64
		{3DBF8A96-3883-448A-8BD3-B8C913A27F09}.RelWithDebInfo|ARM64.ActiveCfg = Release|x64
		{3DBF8A96-3883-448A-8BD3-B8C913A27F09}.RelWithDebInfo|ARM64.Build.0 = Release|x64
		{3DBF8A96-3883-448A-8BD3-B8C913A27F09}.RelWithDebInfo|x64.ActiveCfg = Release|x64
		{3DBF8A96-3883-448A-8BD3-B8C913A27F09}.RelWithDebInfo|x64.Build.0 = Release|x64
		{3DBF8A96-3883-448A-8BD3-B8C913A27F09}.RelWithDebInfo|x86.ActiveCfg = Release|x64
		{3DBF8A96-3883-448A-8BD3-B8C913A27F09}.RelWithDebInfo|x86.Build.0 = Release|x64
		{630BB78F-6211-41D8-8E3A-096E22E169EF}.Debug|ARM64.ActiveCfg = Debug|x64
		{630BB78F-6211-41D8-8E3A-096E22E169EF}.Debug|ARM64.Build.0 = Debug|x64
		{630BB78F-6211-41D8-8E3A-096E22E169EF}.Debug|x64.ActiveCfg = Debug|x64
		{630BB78F-6211-41D8-8E3A-096E22E169EF}.Debug|x64.Build.0 = Debug|x64
		{630BB78F-6211-41D8-8E3A-096E22E169EF}.Debug|x86.ActiveCfg = Debug|x64
		{630BB78F-6211-41D8-8E3A-096E22E169EF}.Debug|x86.Build.0 = Debug|x64
		{630BB78F-6211-41D8-8E3A-096E22E169EF}.FuzzerDebug|ARM64.ActiveCfg = FuzzerDebug|x64
		{630BB78F-6211-41D8-8E3A-096E22E169EF}.FuzzerDebug|ARM64.Build.0 = FuzzerDebug|x64
		{630BB78F-6211-41D8-8E3A-096E22E169EF}.FuzzerDebug|x64.ActiveCfg = FuzzerDebug|x64
		{630BB78F-6211-41D8-8E3A-096E22E169EF}.FuzzerDebug|x64.Build.0 = FuzzerDebug|x64
		{630BB78F-6211-41D8-8E3A-096E22E169EF}.FuzzerDebug|x86.ActiveCfg = FuzzerDebug|x64
		{630BB78F-6211-41D8-8E3A-096E22E169EF}.FuzzerDebug|x86.Build.0 = FuzzerDebug|x64
		{630BB78F-6211-41D8-8E3A-096E22E169EF}.MinSizeRel|ARM64.ActiveCfg = FuzzerDebug|x64
		{630BB78F-6211-41D8-8E3A-096E22E169EF}.MinSizeRel|ARM64.Build.0 = FuzzerDebug|x64
		{630BB78F-6211-41D8-8E3A-096E22E169EF}.MinSizeRel|x64.ActiveCfg = FuzzerDebug|x64
		{630BB78F-6211-41D8-8E3A-096E22E169EF}.MinSizeRel|x64.Build.0 = FuzzerDebug|x64
		{630BB78F-6211-41D8-8E3A-096E22E169EF}.MinSizeRel|x86.ActiveCfg = FuzzerDebug|x64
		{630BB78F-6211-41D8-8E3A-096E22E169EF}.MinSizeRel|x86.Build.0 = FuzzerDebug|x64
		{630BB78F-6211-41D8-8E3A-096E22E169EF}.NativeOnlyDebug|ARM64.ActiveCfg = Debug|x64
		{630BB78F-6211-41D8-8E3A-096E22E169EF}.NativeOnlyDebug|ARM64.Build.0 = Debug|x64
		{630BB78F-6211-41D8-8E3A-096E22E169EF}.NativeOnlyDebug|x64.ActiveCfg = Debug|x64
		{630BB78F-6211-41D8-8E3A-096E22E169EF}.NativeOnlyDebug|x64.Build.0 = Debug|x64
		{630BB78F-6211-41D8-8E3A-096E22E169EF}.NativeOnlyDebug|x86.ActiveCfg = Debug|x64
		{630BB78F-6211-41D8-8E3A-096E22E169EF}.NativeOnlyDebug|x86.Build.0 = Debug|x64
		{630BB78F-6211-41D8-8E3A-096E22E169EF}.NativeOnlyRelease|ARM64.ActiveCfg = Release|x64
		{630BB78F-6211-41D8-8E3A-096E22E169EF}.NativeOnlyRelease|ARM64.Build.0 = Release|x64
		{630BB78F-6211-41D8-8E3A-096E22E169EF}.NativeOnlyRelease|x64.ActiveCfg = Release|x64
		{630BB78F-6211-41D8-8E3A-096E22E169EF}.NativeOnlyRelease|x64.Build.0 = Release|x64
		{630BB78F-6211-41D8-8E3A-096E22E169EF}.NativeOnlyRelease|x86.ActiveCfg = Release|x64
		{630BB78F-6211-41D8-8E3A-096E22E169EF}.NativeOnlyRelease|x86.Build.0 = Release|x64
		{630BB78F-6211-41D8-8E3A-096E22E169EF}.Release|ARM64.ActiveCfg = Release|x64
		{630BB78F-6211-41D8-8E3A-096E22E169EF}.Release|ARM64.Build.0 = Release|x64
		{630BB78F-6211-41D8-8E3A-096E22E169EF}.Release|x64.ActiveCfg = Release|x64
		{630BB78F-6211-41D8-8E3A-096E22E169EF}.Release|x64.Build.0 = Release|x64
		{630BB78F-6211-41D8-8E3A-096E22E169EF}.Release|x86.ActiveCfg = Release|x64
		{630BB78F-6211-41D8-8E3A-096E22E169EF}.Release|x86.Build.0 = Release|x64
		{630BB78F-6211-41D8-8E3A-096E22E169EF}.RelWithDebInfo|ARM64.ActiveCfg = Release|x64
		{630BB78F-6211-41D8-8E3A-096E22E169EF}.RelWithDebInfo|ARM64.Build.0 = Release|x64
		{630BB78F-6211-41D8-8E3A-096E22E169EF}.RelWithDebInfo|x64.ActiveCfg = Release|x64
		{630BB78F-6211-41D8-8E3A-096E22E169EF}.RelWithDebInfo|x64.Build.0 = Release|x64
		{630BB78F-6211-41D8-8E3A-096E22E169EF}.RelWithDebInfo|x86.ActiveCfg = Release|x64
		{630BB78F-6211-41D8-8E3A-096E22E169EF}.RelWithDebInfo|x86.Build.0 = Release|x64
		{B42AB575-67A9-4BA1-8AA1-471AA3FD810C}.Debug|ARM64.ActiveCfg = Debug|ARM64
		{B42AB575-67A9-4BA1-8AA1-471AA3FD810C}.Debug|ARM64.Build.0 = Debug|ARM64
		{B42AB575-67A9-4BA1-8AA1-471AA3FD810C}.Debug|ARM64.Deploy.0 = Debug|ARM64
		{B42AB575-67A9-4BA1-8AA1-471AA3FD810C}.Debug|x64.ActiveCfg = Debug|x64
		{B42AB575-67A9-4BA1-8AA1-471AA3FD810C}.Debug|x64.Build.0 = Debug|x64
		{B42AB575-67A9-4BA1-8AA1-471AA3FD810C}.Debug|x64.Deploy.0 = Debug|x64
		{B42AB575-67A9-4BA1-8AA1-471AA3FD810C}.Debug|x86.ActiveCfg = Debug|x64
		{B42AB575-67A9-4BA1-8AA1-471AA3FD810C}.Debug|x86.Build.0 = Debug|x64
		{B42AB575-67A9-4BA1-8AA1-471AA3FD810C}.Debug|x86.Deploy.0 = Debug|x64
		{B42AB575-67A9-4BA1-8AA1-471AA3FD810C}.FuzzerDebug|ARM64.ActiveCfg = Debug|ARM64
		{B42AB575-67A9-4BA1-8AA1-471AA3FD810C}.FuzzerDebug|ARM64.Build.0 = Debug|ARM64
		{B42AB575-67A9-4BA1-8AA1-471AA3FD810C}.FuzzerDebug|ARM64.Deploy.0 = Debug|ARM64
		{B42AB575-67A9-4BA1-8AA1-471AA3FD810C}.FuzzerDebug|x64.ActiveCfg = Debug|x64
		{B42AB575-67A9-4BA1-8AA1-471AA3FD810C}.FuzzerDebug|x64.Build.0 = Debug|x64
		{B42AB575-67A9-4BA1-8AA1-471AA3FD810C}.FuzzerDebug|x64.Deploy.0 = Debug|x64
		{B42AB575-67A9-4BA1-8AA1-471AA3FD810C}.FuzzerDebug|x86.ActiveCfg = Debug|x64
		{B42AB575-67A9-4BA1-8AA1-471AA3FD810C}.FuzzerDebug|x86.Build.0 = Debug|x64
		{B42AB575-67A9-4BA1-8AA1-471AA3FD810C}.FuzzerDebug|x86.Deploy.0 = Debug|x64
		{B42AB575-67A9-4BA1-8AA1-471AA3FD810C}.MinSizeRel|ARM64.ActiveCfg = Debug|ARM64
		{B42AB575-67A9-4BA1-8AA1-471AA3FD810C}.MinSizeRel|ARM64.Build.0 = Debug|ARM64
		{B42AB575-67A9-4BA1-8AA1-471AA3FD810C}.MinSizeRel|ARM64.Deploy.0 = Debug|ARM64
		{B42AB575-67A9-4BA1-8AA1-471AA3FD810C}.MinSizeRel|x64.ActiveCfg = Debug|x64
		{B42AB575-67A9-4BA1-8AA1-471AA3FD810C}.MinSizeRel|x64.Build.0 = Debug|x64
		{B42AB575-67A9-4BA1-8AA1-471AA3FD810C}.MinSizeRel|x64.Deploy.0 = Debug|x64
		{B42AB575-67A9-4BA1-8AA1-471AA3FD810C}.MinSizeRel|x86.ActiveCfg = Debug|x64
		{B42AB575-67A9-4BA1-8AA1-471AA3FD810C}.MinSizeRel|x86.Build.0 = Debug|x64
		{B42AB575-67A9-4BA1-8AA1-471AA3FD810C}.MinSizeRel|x86.Deploy.0 = Debug|x64
		{B42AB575-67A9-4BA1-8AA1-471AA3FD810C}.NativeOnlyDebug|ARM64.ActiveCfg = Debug|ARM64
		{B42AB575-67A9-4BA1-8AA1-471AA3FD810C}.NativeOnlyDebug|ARM64.Build.0 = Debug|ARM64
		{B42AB575-67A9-4BA1-8AA1-471AA3FD810C}.NativeOnlyDebug|ARM64.Deploy.0 = Debug|ARM64
		{B42AB575-67A9-4BA1-8AA1-471AA3FD810C}.NativeOnlyDebug|x64.ActiveCfg = Debug|x64
		{B42AB575-67A9-4BA1-8AA1-471AA3FD810C}.NativeOnlyDebug|x64.Build.0 = Debug|x64
		{B42AB575-67A9-4BA1-8AA1-471AA3FD810C}.NativeOnlyDebug|x64.Deploy.0 = Debug|x64
		{B42AB575-67A9-4BA1-8AA1-471AA3FD810C}.NativeOnlyDebug|x86.ActiveCfg = Debug|x64
		{B42AB575-67A9-4BA1-8AA1-471AA3FD810C}.NativeOnlyDebug|x86.Build.0 = Debug|x64
		{B42AB575-67A9-4BA1-8AA1-471AA3FD810C}.NativeOnlyDebug|x86.Deploy.0 = Debug|x64
		{B42AB575-67A9-4BA1-8AA1-471AA3FD810C}.NativeOnlyRelease|ARM64.ActiveCfg = Release|ARM64
		{B42AB575-67A9-4BA1-8AA1-471AA3FD810C}.NativeOnlyRelease|ARM64.Build.0 = Release|ARM64
		{B42AB575-67A9-4BA1-8AA1-471AA3FD810C}.NativeOnlyRelease|ARM64.Deploy.0 = Release|ARM64
		{B42AB575-67A9-4BA1-8AA1-471AA3FD810C}.NativeOnlyRelease|x64.ActiveCfg = Release|x64
		{B42AB575-67A9-4BA1-8AA1-471AA3FD810C}.NativeOnlyRelease|x64.Build.0 = Release|x64
		{B42AB575-67A9-4BA1-8AA1-471AA3FD810C}.NativeOnlyRelease|x64.Deploy.0 = Release|x64
		{B42AB575-67A9-4BA1-8AA1-471AA3FD810C}.NativeOnlyRelease|x86.ActiveCfg = Release|x64
		{B42AB575-67A9-4BA1-8AA1-471AA3FD810C}.NativeOnlyRelease|x86.Build.0 = Release|x64
		{B42AB575-67A9-4BA1-8AA1-471AA3FD810C}.NativeOnlyRelease|x86.Deploy.0 = Release|x64
		{B42AB575-67A9-4BA1-8AA1-471AA3FD810C}.Release|ARM64.ActiveCfg = Release|ARM64
		{B42AB575-67A9-4BA1-8AA1-471AA3FD810C}.Release|ARM64.Build.0 = Release|ARM64
		{B42AB575-67A9-4BA1-8AA1-471AA3FD810C}.Release|ARM64.Deploy.0 = Release|ARM64
		{B42AB575-67A9-4BA1-8AA1-471AA3FD810C}.Release|x64.ActiveCfg = Release|x64
		{B42AB575-67A9-4BA1-8AA1-471AA3FD810C}.Release|x64.Build.0 = Release|x64
		{B42AB575-67A9-4BA1-8AA1-471AA3FD810C}.Release|x64.Deploy.0 = Release|x64
		{B42AB575-67A9-4BA1-8AA1-471AA3FD810C}.Release|x86.ActiveCfg = Release|x64
		{B42AB575-67A9-4BA1-8AA1-471AA3FD810C}.Release|x86.Build.0 = Release|x64
		{B42AB575-67A9-4BA1-8AA1-471AA3FD810C}.Release|x86.Deploy.0 = Release|x64
		{B42AB575-67A9-4BA1-8AA1-471AA3FD810C}.RelWithDebInfo|ARM64.ActiveCfg = Release|ARM64
		{B42AB575-67A9-4BA1-8AA1-471AA3FD810C}.RelWithDebInfo|ARM64.Build.0 = Release|ARM64
		{B42AB575-67A9-4BA1-8AA1-471AA3FD810C}.RelWithDebInfo|ARM64.Deploy.0 = Release|ARM64
		{B42AB575-67A9-4BA1-8AA1-471AA3FD810C}.RelWithDebInfo|x64.ActiveCfg = Release|x64
		{B42AB575-67A9-4BA1-8AA1-471AA3FD810C}.RelWithDebInfo|x64.Build.0 = Release|x64
		{B42AB575-67A9-4BA1-8AA1-471AA3FD810C}.RelWithDebInfo|x64.Deploy.0 = Release|x64
		{B42AB575-67A9-4BA1-8AA1-471AA3FD810C}.RelWithDebInfo|x86.ActiveCfg = Release|x64
		{B42AB575-67A9-4BA1-8AA1-471AA3FD810C}.RelWithDebInfo|x86.Build.0 = Release|x64
		{B42AB575-67A9-4BA1-8AA1-471AA3FD810C}.RelWithDebInfo|x86.Deploy.0 = Release|x64
		{E619B985-44B3-4292-A585-5CD0C4315ED3}.Debug|ARM64.ActiveCfg = Debug|x64
		{E619B985-44B3-4292-A585-5CD0C4315ED3}.Debug|ARM64.Build.0 = Debug|x64
		{E619B985-44B3-4292-A585-5CD0C4315ED3}.Debug|x64.ActiveCfg = Debug|x64
		{E619B985-44B3-4292-A585-5CD0C4315ED3}.Debug|x64.Build.0 = Debug|x64
		{E619B985-44B3-4292-A585-5CD0C4315ED3}.Debug|x86.ActiveCfg = Debug|x64
		{E619B985-44B3-4292-A585-5CD0C4315ED3}.Debug|x86.Build.0 = Debug|x64
		{E619B985-44B3-4292-A585-5CD0C4315ED3}.FuzzerDebug|ARM64.ActiveCfg = FuzzerDebug|x64
		{E619B985-44B3-4292-A585-5CD0C4315ED3}.FuzzerDebug|ARM64.Build.0 = FuzzerDebug|x64
		{E619B985-44B3-4292-A585-5CD0C4315ED3}.FuzzerDebug|x64.ActiveCfg = FuzzerDebug|x64
		{E619B985-44B3-4292-A585-5CD0C4315ED3}.FuzzerDebug|x64.Build.0 = FuzzerDebug|x64
		{E619B985-44B3-4292-A585-5CD0C4315ED3}.FuzzerDebug|x86.ActiveCfg = FuzzerDebug|x64
		{E619B985-44B3-4292-A585-5CD0C4315ED3}.FuzzerDebug|x86.Build.0 = FuzzerDebug|x64
		{E619B985-44B3-4292-A585-5CD0C4315ED3}.MinSizeRel|ARM64.ActiveCfg = FuzzerDebug|x64
		{E619B985-44B3-4292-A585-5CD0C4315ED3}.MinSizeRel|ARM64.Build.0 = FuzzerDebug|x64
		{E619B985-44B3-4292-A585-5CD0C4315ED3}.MinSizeRel|x64.ActiveCfg = FuzzerDebug|x64
		{E619B985-44B3-4292-A585-5CD0C4315ED3}.MinSizeRel|x64.Build.0 = FuzzerDebug|x64
		{E619B985-44B3-4292-A585-5CD0C4315ED3}.MinSizeRel|x86.ActiveCfg = FuzzerDebug|x64
		{E619B985-44B3-4292-A585-5CD0C4315ED3}.MinSizeRel|x86.Build.0 = FuzzerDebug|x64
		{E619B985-44B3-4292-A585-5CD0C4315ED3}.NativeOnlyDebug|ARM64.ActiveCfg = Debug|x64
		{E619B985-44B3-4292-A585-5CD0C4315ED3}.NativeOnlyDebug|ARM64.Build.0 = Debug|x64
		{E619B985-44B3-4292-A585-5CD0C4315ED3}.NativeOnlyDebug|x64.ActiveCfg = Debug|x64
		{E619B985-44B3-4292-A585-5CD0C4315ED3}.NativeOnlyDebug|x64.Build.0 = Debug|x64
		{E619B985-44B3-4292-A585-5CD0C4315ED3}.NativeOnlyDebug|x86.ActiveCfg = Debug|x64
		{E619B985-44B3-4292-A585-5CD0C4315ED3}.NativeOnlyDebug|x86.Build.0 = Debug|x64
		{E619B985-44B3-4292-A585-5CD0C4315ED3}.NativeOnlyRelease|ARM64.ActiveCfg = Release|x64
		{E619B985-44B3-4292-A585-5CD0C4315ED3}.NativeOnlyRelease|ARM64.Build.0 = Release|x64
		{E619B985-44B3-4292-A585-5CD0C4315ED3}.NativeOnlyRelease|x64.ActiveCfg = Release|x64
		{E619B985-44B3-4292-A585-5CD0C4315ED3}.NativeOnlyRelease|x64.Build.0 = Release|x64
		{E619B985-44B3-4292-A585-5CD0C4315ED3}.NativeOnlyRelease|x86.ActiveCfg = Release|x64
		{E619B985-44B3-4292-A585-5CD0C4315ED3}.NativeOnlyRelease|x86.Build.0 = Release|x64
		{E619B985-44B3-4292-A585-5CD0C4315ED3}.Release|ARM64.ActiveCfg = Release|x64
		{E619B985-44B3-4292-A585-5CD0C4315ED3}.Release|ARM64.Build.0 = Release|x64
		{E619B985-44B3-4292-A585-5CD0C4315ED3}.Release|x64.ActiveCfg = Release|x64
		{E619B985-44B3-4292-A585-5CD0C4315ED3}.Release|x64.Build.0 = Release|x64
		{E619B985-44B3-4292-A585-5CD0C4315ED3}.Release|x86.ActiveCfg = Release|x64
		{E619B985-44B3-4292-A585-5CD0C4315ED3}.Release|x86.Build.0 = Release|x64
		{E619B985-44B3-4292-A585-5CD0C4315ED3}.RelWithDebInfo|ARM64.ActiveCfg = Release|x64
		{E619B985-44B3-4292-A585-5CD0C4315ED3}.RelWithDebInfo|ARM64.Build.0 = Release|x64
		{E619B985-44B3-4292-A585-5CD0C4315ED3}.RelWithDebInfo|x64.ActiveCfg = Release|x64
		{E619B985-44B3-4292-A585-5CD0C4315ED3}.RelWithDebInfo|x64.Build.0 = Release|x64
		{E619B985-44B3-4292-A585-5CD0C4315ED3}.RelWithDebInfo|x86.ActiveCfg = Release|x64
		{E619B985-44B3-4292-A585-5CD0C4315ED3}.RelWithDebInfo|x86.Build.0 = Release|x64
		{32DA760D-1A43-4940-BECE-59AE0B817ED9}.Debug|ARM64.ActiveCfg = Debug|x64
		{32DA760D-1A43-4940-BECE-59AE0B817ED9}.Debug|ARM64.Build.0 = Debug|x64
		{32DA760D-1A43-4940-BECE-59AE0B817ED9}.Debug|x64.ActiveCfg = Debug|x64
		{32DA760D-1A43-4940-BECE-59AE0B817ED9}.Debug|x64.Build.0 = Debug|x64
		{32DA760D-1A43-4940-BECE-59AE0B817ED9}.Debug|x86.ActiveCfg = Debug|x64
		{32DA760D-1A43-4940-BECE-59AE0B817ED9}.Debug|x86.Build.0 = Debug|x64
		{32DA760D-1A43-4940-BECE-59AE0B817ED9}.FuzzerDebug|ARM64.ActiveCfg = FuzzerDebug|x64
		{32DA760D-1A43-4940-BECE-59AE0B817ED9}.FuzzerDebug|ARM64.Build.0 = FuzzerDebug|x64
		{32DA760D-1A43-4940-BECE-59AE0B817ED9}.FuzzerDebug|x64.ActiveCfg = FuzzerDebug|x64
		{32DA760D-1A43-4940-BECE-59AE0B817ED9}.FuzzerDebug|x64.Build.0 = FuzzerDebug|x64
		{32DA760D-1A43-4940-BECE-59AE0B817ED9}.FuzzerDebug|x86.ActiveCfg = FuzzerDebug|x64
		{32DA760D-1A43-4940-BECE-59AE0B817ED9}.FuzzerDebug|x86.Build.0 = FuzzerDebug|x64
		{32DA760D-1A43-4940-BECE-59AE0B817ED9}.MinSizeRel|ARM64.ActiveCfg = FuzzerDebug|x64
		{32DA760D-1A43-4940-BECE-59AE0B817ED9}.MinSizeRel|ARM64.Build.0 = FuzzerDebug|x64
		{32DA760D-1A43-4940-BECE-59AE0B817ED9}.MinSizeRel|x64.ActiveCfg = FuzzerDebug|x64
		{32DA760D-1A43-4940-BECE-59AE0B817ED9}.MinSizeRel|x64.Build.0 = FuzzerDebug|x64
		{32DA760D-1A43-4940-BECE-59AE0B817ED9}.MinSizeRel|x86.ActiveCfg = FuzzerDebug|x64
		{32DA760D-1A43-4940-BECE-59AE0B817ED9}.MinSizeRel|x86.Build.0 = FuzzerDebug|x64
		{32DA760D-1A43-4940-BECE-59AE0B817ED9}.NativeOnlyDebug|ARM64.ActiveCfg = Debug|x64
		{32DA760D-1A43-4940-BECE-59AE0B817ED9}.NativeOnlyDebug|ARM64.Build.0 = Debug|x64
		{32DA760D-1A43-4940-BECE-59AE0B817ED9}.NativeOnlyDebug|x64.ActiveCfg = Debug|x64
		{32DA760D-1A43-4940-BECE-59AE0B817ED9}.NativeOnlyDebug|x64.Build.0 = Debug|x64
		{32DA760D-1A43-4940-BECE-59AE0B817ED9}.NativeOnlyDebug|x86.ActiveCfg = Debug|x64
		{32DA760D-1A43-4940-BECE-59AE0B817ED9}.NativeOnlyDebug|x86.Build.0 = Debug|x64
		{32DA760D-1A43-4940-BECE-59AE0B817ED9}.NativeOnlyRelease|ARM64.ActiveCfg = Release|x64
		{32DA760D-1A43-4940-BECE-59AE0B817ED9}.NativeOnlyRelease|ARM64.Build.0 = Release|x64
		{32DA760D-1A43-4940-BECE-59AE0B817ED9}.NativeOnlyRelease|x64.ActiveCfg = Release|x64
		{32DA760D-1A43-4940-BECE-59AE0B817ED9}.NativeOnlyRelease|x64.Build.0 = Release|x64
		{32DA760D-1A43-4940-BECE-59AE0B817ED9}.NativeOnlyRelease|x86.ActiveCfg = Release|x64
		{32DA760D-1A43-4940-BECE-59AE0B817ED9}.NativeOnlyRelease|x86.Build.0 = Release|x64
		{32DA760D-1A43-4940-BECE-59AE0B817ED9}.Release|ARM64.ActiveCfg = Release|x64
		{32DA760D-1A43-4940-BECE-59AE0B817ED9}.Release|ARM64.Build.0 = Release|x64
		{32DA760D-1A43-4940-BECE-59AE0B817ED9}.Release|x64.ActiveCfg = Release|x64
		{32DA760D-1A43-4940-BECE-59AE0B817ED9}.Release|x64.Build.0 = Release|x64
		{32DA760D-1A43-4940-BECE-59AE0B817ED9}.Release|x86.ActiveCfg = Release|x64
		{32DA760D-1A43-4940-BECE-59AE0B817ED9}.Release|x86.Build.0 = Release|x64
		{32DA760D-1A43-4940-BECE-59AE0B817ED9}.RelWithDebInfo|ARM64.ActiveCfg = Release|x64
		{32DA760D-1A43-4940-BECE-59AE0B817ED9}.RelWithDebInfo|ARM64.Build.0 = Release|x64
		{32DA760D-1A43-4940-BECE-59AE0B817ED9}.RelWithDebInfo|x64.ActiveCfg = Release|x64
		{32DA760D-1A43-4940-BECE-59AE0B817ED9}.RelWithDebInfo|x64.Build.0 = Release|x64
		{32DA760D-1A43-4940-BECE-59AE0B817ED9}.RelWithDebInfo|x86.ActiveCfg = Release|x64
		{32DA760D-1A43-4940-BECE-59AE0B817ED9}.RelWithDebInfo|x86.Build.0 = Release|x64
		{55499E36-37D4-4F86-B694-9F2990315758}.Debug|ARM64.ActiveCfg = Debug|ARM64
		{55499E36-37D4-4F86-B694-9F2990315758}.Debug|ARM64.Build.0 = Debug|ARM64
		{55499E36-37D4-4F86-B694-9F2990315758}.Debug|x64.ActiveCfg = Debug|x64
		{55499E36-37D4-4F86-B694-9F2990315758}.Debug|x64.Build.0 = Debug|x64
		{55499E36-37D4-4F86-B694-9F2990315758}.Debug|x64.Deploy.0 = Debug|x64
		{55499E36-37D4-4F86-B694-9F2990315758}.Debug|x86.ActiveCfg = Debug|x64
		{55499E36-37D4-4F86-B694-9F2990315758}.Debug|x86.Build.0 = Debug|x64
		{55499E36-37D4-4F86-B694-9F2990315758}.Debug|x86.Deploy.0 = Debug|x64
		{55499E36-37D4-4F86-B694-9F2990315758}.FuzzerDebug|ARM64.ActiveCfg = Debug|ARM64
		{55499E36-37D4-4F86-B694-9F2990315758}.FuzzerDebug|ARM64.Build.0 = Debug|ARM64
		{55499E36-37D4-4F86-B694-9F2990315758}.FuzzerDebug|x64.ActiveCfg = Debug|x64
		{55499E36-37D4-4F86-B694-9F2990315758}.FuzzerDebug|x64.Build.0 = Debug|x64
		{55499E36-37D4-4F86-B694-9F2990315758}.FuzzerDebug|x64.Deploy.0 = Debug|x64
		{55499E36-37D4-4F86-B694-9F2990315758}.FuzzerDebug|x86.ActiveCfg = Debug|x64
		{55499E36-37D4-4F86-B694-9F2990315758}.FuzzerDebug|x86.Build.0 = Debug|x64
		{55499E36-37D4-4F86-B694-9F2990315758}.FuzzerDebug|x86.Deploy.0 = Debug|x64
		{55499E36-37D4-4F86-B694-9F2990315758}.MinSizeRel|ARM64.ActiveCfg = NativeOnlyRelease|ARM64
		{55499E36-37D4-4F86-B694-9F2990315758}.MinSizeRel|ARM64.Build.0 = NativeOnlyRelease|ARM64
		{55499E36-37D4-4F86-B694-9F2990315758}.MinSizeRel|x64.ActiveCfg = NativeOnlyRelease|x64
		{55499E36-37D4-4F86-B694-9F2990315758}.MinSizeRel|x64.Build.0 = NativeOnlyRelease|x64
		{55499E36-37D4-4F86-B694-9F2990315758}.MinSizeRel|x64.Deploy.0 = NativeOnlyRelease|x64
		{55499E36-37D4-4F86-B694-9F2990315758}.MinSizeRel|x86.ActiveCfg = NativeOnlyRelease|x64
		{55499E36-37D4-4F86-B694-9F2990315758}.MinSizeRel|x86.Build.0 = NativeOnlyRelease|x64
		{55499E36-37D4-4F86-B694-9F2990315758}.MinSizeRel|x86.Deploy.0 = NativeOnlyRelease|x64
		{55499E36-37D4-4F86-B694-9F2990315758}.NativeOnlyDebug|ARM64.ActiveCfg = NativeOnlyDebug|ARM64
		{55499E36-37D4-4F86-B694-9F2990315758}.NativeOnlyDebug|ARM64.Build.0 = NativeOnlyDebug|ARM64
		{55499E36-37D4-4F86-B694-9F2990315758}.NativeOnlyDebug|x64.ActiveCfg = NativeOnlyDebug|x64
		{55499E36-37D4-4F86-B694-9F2990315758}.NativeOnlyDebug|x64.Build.0 = NativeOnlyDebug|x64
		{55499E36-37D4-4F86-B694-9F2990315758}.NativeOnlyDebug|x64.Deploy.0 = NativeOnlyDebug|x64
		{55499E36-37D4-4F86-B694-9F2990315758}.NativeOnlyDebug|x86.ActiveCfg = NativeOnlyDebug|x64
		{55499E36-37D4-4F86-B694-9F2990315758}.NativeOnlyDebug|x86.Build.0 = NativeOnlyDebug|x64
		{55499E36-37D4-4F86-B694-9F2990315758}.NativeOnlyDebug|x86.Deploy.0 = NativeOnlyDebug|x64
		{55499E36-37D4-4F86-B694-9F2990315758}.NativeOnlyRelease|ARM64.ActiveCfg = NativeOnlyRelease|ARM64
		{55499E36-37D4-4F86-B694-9F2990315758}.NativeOnlyRelease|ARM64.Build.0 = NativeOnlyRelease|ARM64
		{55499E36-37D4-4F86-B694-9F2990315758}.NativeOnlyRelease|x64.ActiveCfg = NativeOnlyRelease|x64
		{55499E36-37D4-4F86-B694-9F2990315758}.NativeOnlyRelease|x64.Build.0 = NativeOnlyRelease|x64
		{55499E36-37D4-4F86-B694-9F2990315758}.NativeOnlyRelease|x64.Deploy.0 = NativeOnlyRelease|x64
		{55499E36-37D4-4F86-B694-9F2990315758}.NativeOnlyRelease|x86.ActiveCfg = NativeOnlyRelease|x64
		{55499E36-37D4-4F86-B694-9F2990315758}.NativeOnlyRelease|x86.Build.0 = NativeOnlyRelease|x64
		{55499E36-37D4-4F86-B694-9F2990315758}.NativeOnlyRelease|x86.Deploy.0 = NativeOnlyRelease|x64
		{55499E36-37D4-4F86-B694-9F2990315758}.Release|ARM64.ActiveCfg = Release|ARM64
		{55499E36-37D4-4F86-B694-9F2990315758}.Release|ARM64.Build.0 = Release|ARM64
		{55499E36-37D4-4F86-B694-9F2990315758}.Release|x64.ActiveCfg = Release|x64
		{55499E36-37D4-4F86-B694-9F2990315758}.Release|x64.Build.0 = Release|x64
		{55499E36-37D4-4F86-B694-9F2990315758}.Release|x64.Deploy.0 = Release|x64
		{55499E36-37D4-4F86-B694-9F2990315758}.Release|x86.ActiveCfg = Release|x64
		{55499E36-37D4-4F86-B694-9F2990315758}.Release|x86.Build.0 = Release|x64
		{55499E36-37D4-4F86-B694-9F2990315758}.Release|x86.Deploy.0 = Release|x64
		{55499E36-37D4-4F86-B694-9F2990315758}.RelWithDebInfo|ARM64.ActiveCfg = Release|ARM64
		{55499E36-37D4-4F86-B694-9F2990315758}.RelWithDebInfo|ARM64.Build.0 = Release|ARM64
		{55499E36-37D4-4F86-B694-9F2990315758}.RelWithDebInfo|x64.ActiveCfg = Release|x64
		{55499E36-37D4-4F86-B694-9F2990315758}.RelWithDebInfo|x64.Build.0 = Release|x64
		{55499E36-37D4-4F86-B694-9F2990315758}.RelWithDebInfo|x64.Deploy.0 = Release|x64
		{55499E36-37D4-4F86-B694-9F2990315758}.RelWithDebInfo|x86.ActiveCfg = Release|x64
		{55499E36-37D4-4F86-B694-9F2990315758}.RelWithDebInfo|x86.Build.0 = Release|x64
		{55499E36-37D4-4F86-B694-9F2990315758}.RelWithDebInfo|x86.Deploy.0 = Release|x64
		{1132BFD8-EECA-4372-B08E-D349D86FE616}.Debug|ARM64.ActiveCfg = Debug|x64
		{1132BFD8-EECA-4372-B08E-D349D86FE616}.Debug|ARM64.Build.0 = Debug|x64
		{1132BFD8-EECA-4372-B08E-D349D86FE616}.Debug|x64.ActiveCfg = Debug|x64
		{1132BFD8-EECA-4372-B08E-D349D86FE616}.Debug|x64.Build.0 = Debug|x64
		{1132BFD8-EECA-4372-B08E-D349D86FE616}.Debug|x86.ActiveCfg = Debug|x64
		{1132BFD8-EECA-4372-B08E-D349D86FE616}.Debug|x86.Build.0 = Debug|x64
		{1132BFD8-EECA-4372-B08E-D349D86FE616}.FuzzerDebug|ARM64.ActiveCfg = Debug|x64
		{1132BFD8-EECA-4372-B08E-D349D86FE616}.FuzzerDebug|ARM64.Build.0 = Debug|x64
		{1132BFD8-EECA-4372-B08E-D349D86FE616}.FuzzerDebug|x64.ActiveCfg = Debug|x64
		{1132BFD8-EECA-4372-B08E-D349D86FE616}.FuzzerDebug|x64.Build.0 = Debug|x64
		{1132BFD8-EECA-4372-B08E-D349D86FE616}.FuzzerDebug|x86.ActiveCfg = Debug|x64
		{1132BFD8-EECA-4372-B08E-D349D86FE616}.FuzzerDebug|x86.Build.0 = Debug|x64
		{1132BFD8-EECA-4372-B08E-D349D86FE616}.MinSizeRel|ARM64.ActiveCfg = NativeOnlyRelease|x64
		{1132BFD8-EECA-4372-B08E-D349D86FE616}.MinSizeRel|ARM64.Build.0 = NativeOnlyRelease|x64
		{1132BFD8-EECA-4372-B08E-D349D86FE616}.MinSizeRel|x64.ActiveCfg = NativeOnlyRelease|x64
		{1132BFD8-EECA-4372-B08E-D349D86FE616}.MinSizeRel|x64.Build.0 = NativeOnlyRelease|x64
		{1132BFD8-EECA-4372-B08E-D349D86FE616}.MinSizeRel|x86.ActiveCfg = NativeOnlyRelease|x64
		{1132BFD8-EECA-4372-B08E-D349D86FE616}.MinSizeRel|x86.Build.0 = NativeOnlyRelease|x64
		{1132BFD8-EECA-4372-B08E-D349D86FE616}.NativeOnlyDebug|ARM64.ActiveCfg = NativeOnlyDebug|x64
		{1132BFD8-EECA-4372-B08E-D349D86FE616}.NativeOnlyDebug|ARM64.Build.0 = NativeOnlyDebug|x64
		{1132BFD8-EECA-4372-B08E-D349D86FE616}.NativeOnlyDebug|x64.ActiveCfg = NativeOnlyDebug|x64
		{1132BFD8-EECA-4372-B08E-D349D86FE616}.NativeOnlyDebug|x64.Build.0 = NativeOnlyDebug|x64
		{1132BFD8-EECA-4372-B08E-D349D86FE616}.NativeOnlyDebug|x86.ActiveCfg = NativeOnlyDebug|x64
		{1132BFD8-EECA-4372-B08E-D349D86FE616}.NativeOnlyDebug|x86.Build.0 = NativeOnlyDebug|x64
		{1132BFD8-EECA-4372-B08E-D349D86FE616}.NativeOnlyRelease|ARM64.ActiveCfg = NativeOnlyRelease|x64
		{1132BFD8-EECA-4372-B08E-D349D86FE616}.NativeOnlyRelease|ARM64.Build.0 = NativeOnlyRelease|x64
		{1132BFD8-EECA-4372-B08E-D349D86FE616}.NativeOnlyRelease|x64.ActiveCfg = NativeOnlyRelease|x64
		{1132BFD8-EECA-4372-B08E-D349D86FE616}.NativeOnlyRelease|x64.Build.0 = NativeOnlyRelease|x64
		{1132BFD8-EECA-4372-B08E-D349D86FE616}.NativeOnlyRelease|x86.ActiveCfg = NativeOnlyRelease|x64
		{1132BFD8-EECA-4372-B08E-D349D86FE616}.NativeOnlyRelease|x86.Build.0 = NativeOnlyRelease|x64
		{1132BFD8-EECA-4372-B08E-D349D86FE616}.Release|ARM64.ActiveCfg = Release|x64
		{1132BFD8-EECA-4372-B08E-D349D86FE616}.Release|ARM64.Build.0 = Release|x64
		{1132BFD8-EECA-4372-B08E-D349D86FE616}.Release|x64.ActiveCfg = Release|x64
		{1132BFD8-EECA-4372-B08E-D349D86FE616}.Release|x64.Build.0 = Release|x64
		{1132BFD8-EECA-4372-B08E-D349D86FE616}.Release|x86.ActiveCfg = Release|x64
		{1132BFD8-EECA-4372-B08E-D349D86FE616}.Release|x86.Build.0 = Release|x64
		{1132BFD8-EECA-4372-B08E-D349D86FE616}.RelWithDebInfo|ARM64.ActiveCfg = Release|x64
		{1132BFD8-EECA-4372-B08E-D349D86FE616}.RelWithDebInfo|ARM64.Build.0 = Release|x64
		{1132BFD8-EECA-4372-B08E-D349D86FE616}.RelWithDebInfo|x64.ActiveCfg = Release|x64
		{1132BFD8-EECA-4372-B08E-D349D86FE616}.RelWithDebInfo|x64.Build.0 = Release|x64
		{1132BFD8-EECA-4372-B08E-D349D86FE616}.RelWithDebInfo|x86.ActiveCfg = Release|x64
		{1132BFD8-EECA-4372-B08E-D349D86FE616}.RelWithDebInfo|x86.Build.0 = Release|x64
		{61896FC2-D314-468E-887B-7B1EBC7F0FEB}.Debug|ARM64.ActiveCfg = Debug|x64
		{61896FC2-D314-468E-887B-7B1EBC7F0FEB}.Debug|ARM64.Build.0 = Debug|x64
		{61896FC2-D314-468E-887B-7B1EBC7F0FEB}.Debug|x64.ActiveCfg = Debug|x64
		{61896FC2-D314-468E-887B-7B1EBC7F0FEB}.Debug|x64.Build.0 = Debug|x64
		{61896FC2-D314-468E-887B-7B1EBC7F0FEB}.Debug|x86.ActiveCfg = Debug|x64
		{61896FC2-D314-468E-887B-7B1EBC7F0FEB}.Debug|x86.Build.0 = Debug|x64
		{61896FC2-D314-468E-887B-7B1EBC7F0FEB}.FuzzerDebug|ARM64.ActiveCfg = FuzzerDebug|x64
		{61896FC2-D314-468E-887B-7B1EBC7F0FEB}.FuzzerDebug|ARM64.Build.0 = FuzzerDebug|x64
		{61896FC2-D314-468E-887B-7B1EBC7F0FEB}.FuzzerDebug|x64.ActiveCfg = FuzzerDebug|x64
		{61896FC2-D314-468E-887B-7B1EBC7F0FEB}.FuzzerDebug|x64.Build.0 = FuzzerDebug|x64
		{61896FC2-D314-468E-887B-7B1EBC7F0FEB}.FuzzerDebug|x86.ActiveCfg = FuzzerDebug|x64
		{61896FC2-D314-468E-887B-7B1EBC7F0FEB}.FuzzerDebug|x86.Build.0 = FuzzerDebug|x64
		{61896FC2-D314-468E-887B-7B1EBC7F0FEB}.MinSizeRel|ARM64.ActiveCfg = NativeOnlyRelease|x64
		{61896FC2-D314-468E-887B-7B1EBC7F0FEB}.MinSizeRel|ARM64.Build.0 = NativeOnlyRelease|x64
		{61896FC2-D314-468E-887B-7B1EBC7F0FEB}.MinSizeRel|x64.ActiveCfg = NativeOnlyRelease|x64
		{61896FC2-D314-468E-887B-7B1EBC7F0FEB}.MinSizeRel|x64.Build.0 = NativeOnlyRelease|x64
		{61896FC2-D314-468E-887B-7B1EBC7F0FEB}.MinSizeRel|x86.ActiveCfg = NativeOnlyRelease|x64
		{61896FC2-D314-468E-887B-7B1EBC7F0FEB}.MinSizeRel|x86.Build.0 = NativeOnlyRelease|x64
		{61896FC2-D314-468E-887B-7B1EBC7F0FEB}.NativeOnlyDebug|ARM64.ActiveCfg = NativeOnlyDebug|x64
		{61896FC2-D314-468E-887B-7B1EBC7F0FEB}.NativeOnlyDebug|ARM64.Build.0 = NativeOnlyDebug|x64
		{61896FC2-D314-468E-887B-7B1EBC7F0FEB}.NativeOnlyDebug|x64.ActiveCfg = NativeOnlyDebug|x64
		{61896FC2-D314-468E-887B-7B1EBC7F0FEB}.NativeOnlyDebug|x64.Build.0 = NativeOnlyDebug|x64
		{61896FC2-D314-468E-887B-7B1EBC7F0FEB}.NativeOnlyDebug|x86.ActiveCfg = NativeOnlyDebug|x64
		{61896FC2-D314-468E-887B-7B1EBC7F0FEB}.NativeOnlyDebug|x86.Build.0 = NativeOnlyDebug|x64
		{61896FC2-D314-468E-887B-7B1EBC7F0FEB}.NativeOnlyRelease|ARM64.ActiveCfg = NativeOnlyRelease|x64
		{61896FC2-D314-468E-887B-7B1EBC7F0FEB}.NativeOnlyRelease|ARM64.Build.0 = NativeOnlyRelease|x64
		{61896FC2-D314-468E-887B-7B1EBC7F0FEB}.NativeOnlyRelease|x64.ActiveCfg = NativeOnlyRelease|x64
		{61896FC2-D314-468E-887B-7B1EBC7F0FEB}.NativeOnlyRelease|x64.Build.0 = NativeOnlyRelease|x64
		{61896FC2-D314-468E-887B-7B1EBC7F0FEB}.NativeOnlyRelease|x86.ActiveCfg = NativeOnlyRelease|x64
		{61896FC2-D314-468E-887B-7B1EBC7F0FEB}.NativeOnlyRelease|x86.Build.0 = NativeOnlyRelease|x64
		{61896FC2-D314-468E-887B-7B1EBC7F0FEB}.Release|ARM64.ActiveCfg = Release|x64
		{61896FC2-D314-468E-887B-7B1EBC7F0FEB}.Release|ARM64.Build.0 = Release|x64
		{61896FC2-D314-468E-887B-7B1EBC7F0FEB}.Release|x64.ActiveCfg = Release|x64
		{61896FC2-D314-468E-887B-7B1EBC7F0FEB}.Release|x64.Build.0 = Release|x64
		{61896FC2-D314-468E-887B-7B1EBC7F0FEB}.Release|x86.ActiveCfg = Release|x64
		{61896FC2-D314-468E-887B-7B1EBC7F0FEB}.Release|x86.Build.0 = Release|x64
		{61896FC2-D314-468E-887B-7B1EBC7F0FEB}.RelWithDebInfo|ARM64.ActiveCfg = Release|x64
		{61896FC2-D314-468E-887B-7B1EBC7F0FEB}.RelWithDebInfo|ARM64.Build.0 = Release|x64
		{61896FC2-D314-468E-887B-7B1EBC7F0FEB}.RelWithDebInfo|x64.ActiveCfg = Release|x64
		{61896FC2-D314-468E-887B-7B1EBC7F0FEB}.RelWithDebInfo|x64.Build.0 = Release|x64
		{61896FC2-D314-468E-887B-7B1EBC7F0FEB}.RelWithDebInfo|x86.ActiveCfg = Release|x64
		{61896FC2-D314-468E-887B-7B1EBC7F0FEB}.RelWithDebInfo|x86.Build.0 = Release|x64
		{FA9BB88D-8259-40C1-9422-BDEDF9E9CE68}.Debug|ARM64.ActiveCfg = Debug|x64
		{FA9BB88D-8259-40C1-9422-BDEDF9E9CE68}.Debug|ARM64.Build.0 = Debug|x64
		{FA9BB88D-8259-40C1-9422-BDEDF9E9CE68}.Debug|x64.ActiveCfg = Debug|x64
		{FA9BB88D-8259-40C1-9422-BDEDF9E9CE68}.Debug|x64.Build.0 = Debug|x64
		{FA9BB88D-8259-40C1-9422-BDEDF9E9CE68}.Debug|x86.ActiveCfg = Debug|x64
		{FA9BB88D-8259-40C1-9422-BDEDF9E9CE68}.Debug|x86.Build.0 = Debug|x64
		{FA9BB88D-8259-40C1-9422-BDEDF9E9CE68}.FuzzerDebug|ARM64.ActiveCfg = FuzzerDebug|x64
		{FA9BB88D-8259-40C1-9422-BDEDF9E9CE68}.FuzzerDebug|ARM64.Build.0 = FuzzerDebug|x64
		{FA9BB88D-8259-40C1-9422-BDEDF9E9CE68}.FuzzerDebug|x64.ActiveCfg = FuzzerDebug|x64
		{FA9BB88D-8259-40C1-9422-BDEDF9E9CE68}.FuzzerDebug|x64.Build.0 = FuzzerDebug|x64
		{FA9BB88D-8259-40C1-9422-BDEDF9E9CE68}.FuzzerDebug|x86.ActiveCfg = FuzzerDebug|x64
		{FA9BB88D-8259-40C1-9422-BDEDF9E9CE68}.FuzzerDebug|x86.Build.0 = FuzzerDebug|x64
		{FA9BB88D-8259-40C1-9422-BDEDF9E9CE68}.MinSizeRel|ARM64.ActiveCfg = NativeOnlyRelease|x64
		{FA9BB88D-8259-40C1-9422-BDEDF9E9CE68}.MinSizeRel|ARM64.Build.0 = NativeOnlyRelease|x64
		{FA9BB88D-8259-40C1-9422-BDEDF9E9CE68}.MinSizeRel|x64.ActiveCfg = NativeOnlyRelease|x64
		{FA9BB88D-8259-40C1-9422-BDEDF9E9CE68}.MinSizeRel|x64.Build.0 = NativeOnlyRelease|x64
		{FA9BB88D-8259-40C1-9422-BDEDF9E9CE68}.MinSizeRel|x86.ActiveCfg = NativeOnlyRelease|x64
		{FA9BB88D-8259-40C1-9422-BDEDF9E9CE68}.MinSizeRel|x86.Build.0 = NativeOnlyRelease|x64
		{FA9BB88D-8259-40C1-9422-BDEDF9E9CE68}.NativeOnlyDebug|ARM64.ActiveCfg = NativeOnlyDebug|x64
		{FA9BB88D-8259-40C1-9422-BDEDF9E9CE68}.NativeOnlyDebug|ARM64.Build.0 = NativeOnlyDebug|x64
		{FA9BB88D-8259-40C1-9422-BDEDF9E9CE68}.NativeOnlyDebug|x64.ActiveCfg = NativeOnlyDebug|x64
		{FA9BB88D-8259-40C1-9422-BDEDF9E9CE68}.NativeOnlyDebug|x64.Build.0 = NativeOnlyDebug|x64
		{FA9BB88D-8259-40C1-9422-BDEDF9E9CE68}.NativeOnlyDebug|x86.ActiveCfg = NativeOnlyDebug|x64
		{FA9BB88D-8259-40C1-9422-BDEDF9E9CE68}.NativeOnlyDebug|x86.Build.0 = NativeOnlyDebug|x64
		{FA9BB88D-8259-40C1-9422-BDEDF9E9CE68}.NativeOnlyRelease|ARM64.ActiveCfg = NativeOnlyRelease|x64
		{FA9BB88D-8259-40C1-9422-BDEDF9E9CE68}.NativeOnlyRelease|ARM64.Build.0 = NativeOnlyRelease|x64
		{FA9BB88D-8259-40C1-9422-BDEDF9E9CE68}.NativeOnlyRelease|x64.ActiveCfg = NativeOnlyRelease|x64
		{FA9BB88D-8259-40C1-9422-BDEDF9E9CE68}.NativeOnlyRelease|x64.Build.0 = NativeOnlyRelease|x64
		{FA9BB88D-8259-40C1-9422-BDEDF9E9CE68}.NativeOnlyRelease|x86.ActiveCfg = NativeOnlyRelease|x64
		{FA9BB88D-8259-40C1-9422-BDEDF9E9CE68}.NativeOnlyRelease|x86.Build.0 = NativeOnlyRelease|x64
		{FA9BB88D-8259-40C1-9422-BDEDF9E9CE68}.Release|ARM64.ActiveCfg = Release|x64
		{FA9BB88D-8259-40C1-9422-BDEDF9E9CE68}.Release|ARM64.Build.0 = Release|x64
		{FA9BB88D-8259-40C1-9422-BDEDF9E9CE68}.Release|x64.ActiveCfg = Release|x64
		{FA9BB88D-8259-40C1-9422-BDEDF9E9CE68}.Release|x64.Build.0 = Release|x64
		{FA9BB88D-8259-40C1-9422-BDEDF9E9CE68}.Release|x86.ActiveCfg = Release|x64
		{FA9BB88D-8259-40C1-9422-BDEDF9E9CE68}.Release|x86.Build.0 = Release|x64
		{FA9BB88D-8259-40C1-9422-BDEDF9E9CE68}.RelWithDebInfo|ARM64.ActiveCfg = Release|x64
		{FA9BB88D-8259-40C1-9422-BDEDF9E9CE68}.RelWithDebInfo|ARM64.Build.0 = Release|x64
		{FA9BB88D-8259-40C1-9422-BDEDF9E9CE68}.RelWithDebInfo|x64.ActiveCfg = Release|x64
		{FA9BB88D-8259-40C1-9422-BDEDF9E9CE68}.RelWithDebInfo|x64.Build.0 = Release|x64
		{FA9BB88D-8259-40C1-9422-BDEDF9E9CE68}.RelWithDebInfo|x86.ActiveCfg = Release|x64
		{FA9BB88D-8259-40C1-9422-BDEDF9E9CE68}.RelWithDebInfo|x86.Build.0 = Release|x64
		{DB2CE6D8-F3B3-4C35-A585-5C88B4684821}.Debug|ARM64.ActiveCfg = Debug|ARM64
		{DB2CE6D8-F3B3-4C35-A585-5C88B4684821}.Debug|ARM64.Build.0 = Debug|ARM64
		{DB2CE6D8-F3B3-4C35-A585-5C88B4684821}.Debug|x64.ActiveCfg = Debug|x64
		{DB2CE6D8-F3B3-4C35-A585-5C88B4684821}.Debug|x64.Build.0 = Debug|x64
		{DB2CE6D8-F3B3-4C35-A585-5C88B4684821}.Debug|x64.Deploy.0 = Debug|x64
		{DB2CE6D8-F3B3-4C35-A585-5C88B4684821}.Debug|x86.ActiveCfg = Debug|x64
		{DB2CE6D8-F3B3-4C35-A585-5C88B4684821}.Debug|x86.Build.0 = Debug|x64
		{DB2CE6D8-F3B3-4C35-A585-5C88B4684821}.Debug|x86.Deploy.0 = Debug|x64
		{DB2CE6D8-F3B3-4C35-A585-5C88B4684821}.FuzzerDebug|ARM64.ActiveCfg = Debug|ARM64
		{DB2CE6D8-F3B3-4C35-A585-5C88B4684821}.FuzzerDebug|ARM64.Build.0 = Debug|ARM64
		{DB2CE6D8-F3B3-4C35-A585-5C88B4684821}.FuzzerDebug|x64.ActiveCfg = Debug|x64
		{DB2CE6D8-F3B3-4C35-A585-5C88B4684821}.FuzzerDebug|x64.Build.0 = Debug|x64
		{DB2CE6D8-F3B3-4C35-A585-5C88B4684821}.FuzzerDebug|x64.Deploy.0 = Debug|x64
		{DB2CE6D8-F3B3-4C35-A585-5C88B4684821}.FuzzerDebug|x86.ActiveCfg = Debug|x64
		{DB2CE6D8-F3B3-4C35-A585-5C88B4684821}.FuzzerDebug|x86.Build.0 = Debug|x64
		{DB2CE6D8-F3B3-4C35-A585-5C88B4684821}.FuzzerDebug|x86.Deploy.0 = Debug|x64
		{DB2CE6D8-F3B3-4C35-A585-5C88B4684821}.MinSizeRel|ARM64.ActiveCfg = NativeOnlyRelease|ARM64
		{DB2CE6D8-F3B3-4C35-A585-5C88B4684821}.MinSizeRel|ARM64.Build.0 = NativeOnlyRelease|ARM64
		{DB2CE6D8-F3B3-4C35-A585-5C88B4684821}.MinSizeRel|x64.ActiveCfg = Debug|x64
		{DB2CE6D8-F3B3-4C35-A585-5C88B4684821}.MinSizeRel|x64.Build.0 = Debug|x64
		{DB2CE6D8-F3B3-4C35-A585-5C88B4684821}.MinSizeRel|x64.Deploy.0 = Debug|x64
		{DB2CE6D8-F3B3-4C35-A585-5C88B4684821}.MinSizeRel|x86.ActiveCfg = Debug|x64
		{DB2CE6D8-F3B3-4C35-A585-5C88B4684821}.MinSizeRel|x86.Build.0 = Debug|x64
		{DB2CE6D8-F3B3-4C35-A585-5C88B4684821}.MinSizeRel|x86.Deploy.0 = Debug|x64
		{DB2CE6D8-F3B3-4C35-A585-5C88B4684821}.NativeOnlyDebug|ARM64.ActiveCfg = NativeOnlyDebug|ARM64
		{DB2CE6D8-F3B3-4C35-A585-5C88B4684821}.NativeOnlyDebug|ARM64.Build.0 = NativeOnlyDebug|ARM64
		{DB2CE6D8-F3B3-4C35-A585-5C88B4684821}.NativeOnlyDebug|x64.ActiveCfg = NativeOnlyDebug|x64
		{DB2CE6D8-F3B3-4C35-A585-5C88B4684821}.NativeOnlyDebug|x64.Build.0 = NativeOnlyDebug|x64
		{DB2CE6D8-F3B3-4C35-A585-5C88B4684821}.NativeOnlyDebug|x64.Deploy.0 = NativeOnlyDebug|x64
		{DB2CE6D8-F3B3-4C35-A585-5C88B4684821}.NativeOnlyDebug|x86.ActiveCfg = NativeOnlyDebug|x64
		{DB2CE6D8-F3B3-4C35-A585-5C88B4684821}.NativeOnlyDebug|x86.Build.0 = NativeOnlyDebug|x64
		{DB2CE6D8-F3B3-4C35-A585-5C88B4684821}.NativeOnlyDebug|x86.Deploy.0 = NativeOnlyDebug|x64
		{DB2CE6D8-F3B3-4C35-A585-5C88B4684821}.NativeOnlyRelease|ARM64.ActiveCfg = NativeOnlyRelease|ARM64
		{DB2CE6D8-F3B3-4C35-A585-5C88B4684821}.NativeOnlyRelease|ARM64.Build.0 = NativeOnlyRelease|ARM64
		{DB2CE6D8-F3B3-4C35-A585-5C88B4684821}.NativeOnlyRelease|x64.ActiveCfg = NativeOnlyRelease|x64
		{DB2CE6D8-F3B3-4C35-A585-5C88B4684821}.NativeOnlyRelease|x64.Build.0 = NativeOnlyRelease|x64
		{DB2CE6D8-F3B3-4C35-A585-5C88B4684821}.NativeOnlyRelease|x64.Deploy.0 = NativeOnlyRelease|x64
		{DB2CE6D8-F3B3-4C35-A585-5C88B4684821}.NativeOnlyRelease|x86.ActiveCfg = NativeOnlyRelease|x64
		{DB2CE6D8-F3B3-4C35-A585-5C88B4684821}.NativeOnlyRelease|x86.Build.0 = NativeOnlyRelease|x64
		{DB2CE6D8-F3B3-4C35-A585-5C88B4684821}.NativeOnlyRelease|x86.Deploy.0 = NativeOnlyRelease|x64
		{DB2CE6D8-F3B3-4C35-A585-5C88B4684821}.Release|ARM64.ActiveCfg = Release|ARM64
		{DB2CE6D8-F3B3-4C35-A585-5C88B4684821}.Release|ARM64.Build.0 = Release|ARM64
		{DB2CE6D8-F3B3-4C35-A585-5C88B4684821}.Release|x64.ActiveCfg = Release|x64
		{DB2CE6D8-F3B3-4C35-A585-5C88B4684821}.Release|x64.Build.0 = Release|x64
		{DB2CE6D8-F3B3-4C35-A585-5C88B4684821}.Release|x64.Deploy.0 = Release|x64
		{DB2CE6D8-F3B3-4C35-A585-5C88B4684821}.Release|x86.ActiveCfg = Release|x64
		{DB2CE6D8-F3B3-4C35-A585-5C88B4684821}.Release|x86.Build.0 = Release|x64
		{DB2CE6D8-F3B3-4C35-A585-5C88B4684821}.Release|x86.Deploy.0 = Release|x64
		{DB2CE6D8-F3B3-4C35-A585-5C88B4684821}.RelWithDebInfo|ARM64.ActiveCfg = Release|ARM64
		{DB2CE6D8-F3B3-4C35-A585-5C88B4684821}.RelWithDebInfo|ARM64.Build.0 = Release|ARM64
		{DB2CE6D8-F3B3-4C35-A585-5C88B4684821}.RelWithDebInfo|x64.ActiveCfg = Release|x64
		{DB2CE6D8-F3B3-4C35-A585-5C88B4684821}.RelWithDebInfo|x64.Build.0 = Release|x64
		{DB2CE6D8-F3B3-4C35-A585-5C88B4684821}.RelWithDebInfo|x64.Deploy.0 = Release|x64
		{DB2CE6D8-F3B3-4C35-A585-5C88B4684821}.RelWithDebInfo|x86.ActiveCfg = Release|x64
		{DB2CE6D8-F3B3-4C35-A585-5C88B4684821}.RelWithDebInfo|x86.Build.0 = Release|x64
		{DB2CE6D8-F3B3-4C35-A585-5C88B4684821}.RelWithDebInfo|x86.Deploy.0 = Release|x64
		{AAAB234B-F0E9-4326-91E8-87B98367ACC1}.Debug|ARM64.ActiveCfg = Debug|x64
		{AAAB234B-F0E9-4326-91E8-87B98367ACC1}.Debug|ARM64.Build.0 = Debug|x64
		{AAAB234B-F0E9-4326-91E8-87B98367ACC1}.Debug|x64.ActiveCfg = Debug|x64
		{AAAB234B-F0E9-4326-91E8-87B98367ACC1}.Debug|x64.Build.0 = Debug|x64
		{AAAB234B-F0E9-4326-91E8-87B98367ACC1}.Debug|x86.ActiveCfg = Debug|x64
		{AAAB234B-F0E9-4326-91E8-87B98367ACC1}.Debug|x86.Build.0 = Debug|x64
		{AAAB234B-F0E9-4326-91E8-87B98367ACC1}.FuzzerDebug|ARM64.ActiveCfg = FuzzerDebug|x64
		{AAAB234B-F0E9-4326-91E8-87B98367ACC1}.FuzzerDebug|ARM64.Build.0 = FuzzerDebug|x64
		{AAAB234B-F0E9-4326-91E8-87B98367ACC1}.FuzzerDebug|x64.ActiveCfg = FuzzerDebug|x64
		{AAAB234B-F0E9-4326-91E8-87B98367ACC1}.FuzzerDebug|x64.Build.0 = FuzzerDebug|x64
		{AAAB234B-F0E9-4326-91E8-87B98367ACC1}.FuzzerDebug|x86.ActiveCfg = FuzzerDebug|x64
		{AAAB234B-F0E9-4326-91E8-87B98367ACC1}.FuzzerDebug|x86.Build.0 = FuzzerDebug|x64
		{AAAB234B-F0E9-4326-91E8-87B98367ACC1}.MinSizeRel|ARM64.ActiveCfg = Debug|x64
		{AAAB234B-F0E9-4326-91E8-87B98367ACC1}.MinSizeRel|ARM64.Build.0 = Debug|x64
		{AAAB234B-F0E9-4326-91E8-87B98367ACC1}.MinSizeRel|x64.ActiveCfg = Debug|x64
		{AAAB234B-F0E9-4326-91E8-87B98367ACC1}.MinSizeRel|x64.Build.0 = Debug|x64
		{AAAB234B-F0E9-4326-91E8-87B98367ACC1}.MinSizeRel|x86.ActiveCfg = Debug|x64
		{AAAB234B-F0E9-4326-91E8-87B98367ACC1}.MinSizeRel|x86.Build.0 = Debug|x64
		{AAAB234B-F0E9-4326-91E8-87B98367ACC1}.NativeOnlyDebug|ARM64.ActiveCfg = Debug|x64
		{AAAB234B-F0E9-4326-91E8-87B98367ACC1}.NativeOnlyDebug|ARM64.Build.0 = Debug|x64
		{AAAB234B-F0E9-4326-91E8-87B98367ACC1}.NativeOnlyDebug|x64.ActiveCfg = Debug|x64
		{AAAB234B-F0E9-4326-91E8-87B98367ACC1}.NativeOnlyDebug|x64.Build.0 = Debug|x64
		{AAAB234B-F0E9-4326-91E8-87B98367ACC1}.NativeOnlyDebug|x86.ActiveCfg = Debug|x64
		{AAAB234B-F0E9-4326-91E8-87B98367ACC1}.NativeOnlyDebug|x86.Build.0 = Debug|x64
		{AAAB234B-F0E9-4326-91E8-87B98367ACC1}.NativeOnlyRelease|ARM64.ActiveCfg = Release|x64
		{AAAB234B-F0E9-4326-91E8-87B98367ACC1}.NativeOnlyRelease|ARM64.Build.0 = Release|x64
		{AAAB234B-F0E9-4326-91E8-87B98367ACC1}.NativeOnlyRelease|x64.ActiveCfg = Release|x64
		{AAAB234B-F0E9-4326-91E8-87B98367ACC1}.NativeOnlyRelease|x64.Build.0 = Release|x64
		{AAAB234B-F0E9-4326-91E8-87B98367ACC1}.NativeOnlyRelease|x86.ActiveCfg = Release|x64
		{AAAB234B-F0E9-4326-91E8-87B98367ACC1}.NativeOnlyRelease|x86.Build.0 = Release|x64
		{AAAB234B-F0E9-4326-91E8-87B98367ACC1}.Release|ARM64.ActiveCfg = Release|x64
		{AAAB234B-F0E9-4326-91E8-87B98367ACC1}.Release|ARM64.Build.0 = Release|x64
		{AAAB234B-F0E9-4326-91E8-87B98367ACC1}.Release|x64.ActiveCfg = Release|x64
		{AAAB234B-F0E9-4326-91E8-87B98367ACC1}.Release|x64.Build.0 = Release|x64
		{AAAB234B-F0E9-4326-91E8-87B98367ACC1}.Release|x86.ActiveCfg = Release|x64
		{AAAB234B-F0E9-4326-91E8-87B98367ACC1}.Release|x86.Build.0 = Release|x64
		{AAAB234B-F0E9-4326-91E8-87B98367ACC1}.RelWithDebInfo|ARM64.ActiveCfg = Release|x64
		{AAAB234B-F0E9-4326-91E8-87B98367ACC1}.RelWithDebInfo|ARM64.Build.0 = Release|x64
		{AAAB234B-F0E9-4326-91E8-87B98367ACC1}.RelWithDebInfo|x64.ActiveCfg = Release|x64
		{AAAB234B-F0E9-4326-91E8-87B98367ACC1}.RelWithDebInfo|x64.Build.0 = Release|x64
		{AAAB234B-F0E9-4326-91E8-87B98367ACC1}.RelWithDebInfo|x86.ActiveCfg = Release|x64
		{AAAB234B-F0E9-4326-91E8-87B98367ACC1}.RelWithDebInfo|x86.Build.0 = Release|x64
	EndGlobalSection
	GlobalSection(SolutionProperties) = preSolution
		HideSolutionNode = FALSE
	EndGlobalSection
	GlobalSection(NestedProjects) = preSolution
		{231EE32B-EBA4-4FE5-A55B-DB18F539D403} = {54A23059-C3A5-4527-9AA6-F8850930D838}
		{8D538CBE-01BF-4A2E-A98A-6C368FDF13D7} = {C9EAA3D8-0D9C-4E28-BD1F-13017476EAE5}
		{8BD3552A-2CFB-4A59-AB15-2031B97ADA1E} = {C9EAA3D8-0D9C-4E28-BD1F-13017476EAE5}
		{030A7AC6-14DC-45CF-AF34-891057AB1402} = {C9EAA3D8-0D9C-4E28-BD1F-13017476EAE5}
		{F2CA70AB-AF9A-47D1-9DA9-94D5AB573AC2} = {C9EAA3D8-0D9C-4E28-BD1F-13017476EAE5}
		{3DBF8A96-3883-448A-8BD3-B8C913A27F09} = {FD22C885-E280-4166-AE1C-79D71BD006A7}
		{E8184DFB-C7EA-4913-9F63-6E61D4B9CBB1} = {22FB985E-38BF-4956-A3F0-BFFB586D8DA6}
		{1808952B-4865-4EDF-9393-8E52F60D4D20} = {22FB985E-38BF-4956-A3F0-BFFB586D8DA6}
		{C9EAA3D8-0D9C-4E28-BD1F-13017476EAE5} = {22FB985E-38BF-4956-A3F0-BFFB586D8DA6}
		{630BB78F-6211-41D8-8E3A-096E22E169EF} = {E8184DFB-C7EA-4913-9F63-6E61D4B9CBB1}
		{B42AB575-67A9-4BA1-8AA1-471AA3FD810C} = {1808952B-4865-4EDF-9393-8E52F60D4D20}
		{E619B985-44B3-4292-A585-5CD0C4315ED3} = {E8184DFB-C7EA-4913-9F63-6E61D4B9CBB1}
		{32DA760D-1A43-4940-BECE-59AE0B817ED9} = {1808952B-4865-4EDF-9393-8E52F60D4D20}
		{ED8BFFE5-778D-4254-9800-6506F0C9CA5B} = {54A23059-C3A5-4527-9AA6-F8850930D838}
		{C488132C-7C22-4A37-821A-D7656C485372} = {54A23059-C3A5-4527-9AA6-F8850930D838}
		{55499E36-37D4-4F86-B694-9F2990315758} = {ED8BFFE5-778D-4254-9800-6506F0C9CA5B}
		{1132BFD8-EECA-4372-B08E-D349D86FE616} = {FD22C885-E280-4166-AE1C-79D71BD006A7}
		{61896FC2-D314-468E-887B-7B1EBC7F0FEB} = {FD22C885-E280-4166-AE1C-79D71BD006A7}
		{FA9BB88D-8259-40C1-9422-BDEDF9E9CE68} = {FD22C885-E280-4166-AE1C-79D71BD006A7}
		{DB2CE6D8-F3B3-4C35-A585-5C88B4684821} = {C488132C-7C22-4A37-821A-D7656C485372}
		{AAAB234B-F0E9-4326-91E8-87B98367ACC1} = {1808952B-4865-4EDF-9393-8E52F60D4D20}
	EndGlobalSection
	GlobalSection(ExtensibilityGlobals) = postSolution
		SolutionGuid = {90721348-AF7A-4E32-B38F-7368E0044BAC}
	EndGlobalSection
EndGlobal
