<?xml version="1.0" encoding="utf-8"?>
<!--
  Copyright (c) Microsoft Corporation
  SPDX-License-Identifier: MIT
-->
<Project ToolsVersion="4.0" xmlns="http://schemas.microsoft.com/developer/msbuild/2003">
  <ItemGroup>
    <ClCompile Include="pktmon_sim.c" />
  </ItemGroup>
  <ItemGroup>
    <ClInclude Include="Trace.h" />
    <ClInclude Include="pktmon_npi_provider.h" />
    <ClInclude Include="pktmon_npi_client.h" />
  </ItemGroup>
</Project>