<?xml version="1.0" encoding="utf-8"?>
<!--
  Copyright (c) Microsoft Corporation
  SPDX-License-Identifier: MIT
-->
<Project ToolsVersion="4.0" xmlns="http://schemas.microsoft.com/developer/msbuild/2003">
  <ItemGroup>
    <ClCompile Include="main.cpp" />
  </ItemGroup>
  <ItemGroup>
    <None Include="packages.config" />
  </ItemGroup>
  <ItemGroup>
    <Filter Include="Hesder Files">
      <UniqueIdentifier>{8f6c2b90-1e73-4d3a-b1dd-65f5198af2e6}</UniqueIdentifier>
    </Filter>
  </ItemGroup>
  <ItemGroup>
    <ClInclude Include="pktmon_export_program_info.h">
      <Filter>Hesder Files</Filter>
    </ClInclude>
  </ItemGroup>
</Project>